{
    "version": 3,
    "terraform_version": "0.11.7",
    "serial": 5,
    "lineage": "f1bad443-b9ad-489d-4253-5a143f5c43a6",
    "modules": [
        {
            "path": [
                "root"
            ],
            "outputs": {
                "concourse_lb_ip": {
                    "sensitive": false,
                    "type": "string",
                    "value": "35.242.243.254"
                },
                "concourse_target_pool": {
                    "sensitive": false,
                    "type": "string",
                    "value": "basel-2018-shared-concourse"
                },
                "director__concourse_domain": {
                    "sensitive": false,
                    "type": "string",
                    "value": "35.242.243.254"
                },
                "director__internal_ip": {
                    "sensitive": false,
                    "type": "string",
                    "value": "10.0.0.6"
                },
                "director__tags": {
                    "sensitive": false,
                    "type": "list",
                    "value": [
                        "basel-2018-shared-bosh-director",
                        "basel-2018-shared-concourse-open",
                        "concourse"
                    ]
                },
                "director__target_pool": {
                    "sensitive": false,
                    "type": "string",
                    "value": "basel-2018-shared-concourse"
                },
                "director_address": {
                    "sensitive": false,
                    "type": "string",
                    "value": "https://35.198.126.223:25555"
                },
                "director_name": {
                    "sensitive": false,
                    "type": "string",
                    "value": "bosh-basel-2018-shared"
                },
                "external_ip": {
                    "sensitive": false,
                    "type": "string",
                    "value": "35.198.126.223"
                },
                "internal_cidr": {
                    "sensitive": false,
                    "type": "string",
                    "value": "10.0.0.0/16"
                },
                "internal_gw": {
                    "sensitive": false,
                    "type": "string",
                    "value": "10.0.0.1"
                },
                "internal_tag_name": {
                    "sensitive": false,
                    "type": "string",
                    "value": "basel-2018-shared-internal"
                },
                "jumpbox__internal_ip": {
                    "sensitive": false,
                    "type": "string",
                    "value": "10.0.0.5"
                },
                "jumpbox__tags": {
                    "sensitive": false,
                    "type": "list",
                    "value": [
                        "basel-2018-shared-bosh-open",
                        "basel-2018-shared-jumpbox"
                    ]
                },
                "jumpbox_url": {
                    "sensitive": false,
                    "type": "string",
                    "value": "35.198.126.223:22"
                },
                "kube_master_tcp_lb_ip": {
                    "sensitive": false,
                    "type": "string",
                    "value": "35.242.254.204"
                },
                "kube_master_tcp_target_pool_name": {
                    "sensitive": false,
                    "type": "string",
                    "value": "basel-2018-shared-kube-master-tcp"
                },
                "kube_worker_tcp_lb_ip": {
                    "sensitive": false,
                    "type": "string",
                    "value": "35.234.80.160"
                },
                "kube_worker_tcp_target_pool_name": {
                    "sensitive": false,
                    "type": "string",
                    "value": "basel-2018-shared-kube-worker-tcp"
                },
                "network": {
                    "sensitive": false,
                    "type": "string",
                    "value": "basel-2018-shared-network"
                },
                "router_backend_service": {
                    "sensitive": false,
                    "type": "string",
                    "value": "basel-2018-shared-router-lb"
                },
                "router_lb_ip": {
                    "sensitive": false,
                    "type": "string",
                    "value": "35.241.26.200"
                },
                "ssh_proxy_lb_ip": {
                    "sensitive": false,
                    "type": "string",
                    "value": "35.242.193.60"
                },
                "ssh_proxy_target_pool": {
                    "sensitive": false,
                    "type": "string",
                    "value": "basel-2018-shared-cf-ssh-proxy"
                },
                "subnetwork": {
                    "sensitive": false,
                    "type": "string",
                    "value": "basel-2018-shared-subnet"
                },
                "tcp_router_lb_ip": {
                    "sensitive": false,
                    "type": "string",
                    "value": "35.242.196.118"
                },
                "tcp_router_target_pool": {
                    "sensitive": false,
                    "type": "string",
                    "value": "basel-2018-shared-cf-tcp-router"
                },
                "ws_lb_ip": {
                    "sensitive": false,
                    "type": "string",
                    "value": "35.198.96.120"
                },
                "ws_target_pool": {
                    "sensitive": false,
                    "type": "string",
                    "value": "basel-2018-shared-cf-ws"
                }
            },
            "resources": {
                "google_compute_address.cf-ssh-proxy": {
                    "type": "google_compute_address",
                    "depends_on": [],
                    "primary": {
                        "id": "hol-basel-project-1/europe-west3/basel-2018-shared-cf-ssh-proxy",
                        "attributes": {
                            "address": "35.242.193.60",
                            "address_type": "EXTERNAL",
                            "creation_timestamp": "2018-10-03T04:03:54.302-07:00",
                            "description": "",
                            "id": "hol-basel-project-1/europe-west3/basel-2018-shared-cf-ssh-proxy",
                            "label_fingerprint": "42WmSpB8rSM=",
                            "labels.%": "0",
                            "name": "basel-2018-shared-cf-ssh-proxy",
                            "network_tier": "PREMIUM",
                            "project": "hol-basel-project-1",
                            "region": "europe-west3",
                            "self_link": "https://www.googleapis.com/compute/v1/projects/hol-basel-project-1/regions/europe-west3/addresses/basel-2018-shared-cf-ssh-proxy",
                            "subnetwork": "",
                            "users.#": "1",
                            "users.0": "https://www.googleapis.com/compute/beta/projects/hol-basel-project-1/regions/europe-west3/forwardingRules/basel-2018-shared-cf-ssh-proxy"
                        },
                        "meta": {
                            "e2bfb730-ecaa-11e6-8f88-34363bc7c4c0": {
                                "create": 240000000000,
                                "delete": 240000000000,
                                "update": 240000000000
                            }
                        },
                        "tainted": false
                    },
                    "deposed": [],
                    "provider": "provider.google"
                },
                "google_compute_address.cf-tcp-router": {
                    "type": "google_compute_address",
                    "depends_on": [],
                    "primary": {
                        "id": "hol-basel-project-1/europe-west3/basel-2018-shared-cf-tcp-router",
                        "attributes": {
                            "address": "35.242.196.118",
                            "address_type": "EXTERNAL",
                            "creation_timestamp": "2018-10-03T04:03:53.105-07:00",
                            "description": "",
                            "id": "hol-basel-project-1/europe-west3/basel-2018-shared-cf-tcp-router",
                            "label_fingerprint": "42WmSpB8rSM=",
                            "labels.%": "0",
                            "name": "basel-2018-shared-cf-tcp-router",
                            "network_tier": "PREMIUM",
                            "project": "hol-basel-project-1",
                            "region": "europe-west3",
                            "self_link": "https://www.googleapis.com/compute/v1/projects/hol-basel-project-1/regions/europe-west3/addresses/basel-2018-shared-cf-tcp-router",
                            "subnetwork": "",
                            "users.#": "1",
                            "users.0": "https://www.googleapis.com/compute/beta/projects/hol-basel-project-1/regions/europe-west3/forwardingRules/basel-2018-shared-cf-tcp-router"
                        },
                        "meta": {
                            "e2bfb730-ecaa-11e6-8f88-34363bc7c4c0": {
                                "create": 240000000000,
                                "delete": 240000000000,
                                "update": 240000000000
                            }
                        },
                        "tainted": false
                    },
                    "deposed": [],
                    "provider": "provider.google"
                },
                "google_compute_address.cf-ws": {
                    "type": "google_compute_address",
                    "depends_on": [],
                    "primary": {
                        "id": "hol-basel-project-1/europe-west3/basel-2018-shared-cf-ws",
                        "attributes": {
                            "address": "35.198.96.120",
                            "address_type": "EXTERNAL",
                            "creation_timestamp": "2018-10-03T04:04:04.502-07:00",
                            "description": "",
                            "id": "hol-basel-project-1/europe-west3/basel-2018-shared-cf-ws",
                            "label_fingerprint": "42WmSpB8rSM=",
                            "labels.%": "0",
                            "name": "basel-2018-shared-cf-ws",
                            "network_tier": "PREMIUM",
                            "project": "hol-basel-project-1",
                            "region": "europe-west3",
                            "self_link": "https://www.googleapis.com/compute/v1/projects/hol-basel-project-1/regions/europe-west3/addresses/basel-2018-shared-cf-ws",
                            "subnetwork": "",
                            "users.#": "2",
                            "users.0": "https://www.googleapis.com/compute/beta/projects/hol-basel-project-1/regions/europe-west3/forwardingRules/basel-2018-shared-cf-ws-https",
                            "users.1": "https://www.googleapis.com/compute/beta/projects/hol-basel-project-1/regions/europe-west3/forwardingRules/basel-2018-shared-cf-ws-http"
                        },
                        "meta": {
                            "e2bfb730-ecaa-11e6-8f88-34363bc7c4c0": {
                                "create": 240000000000,
                                "delete": 240000000000,
                                "update": 240000000000
                            }
                        },
                        "tainted": false
                    },
                    "deposed": [],
                    "provider": "provider.google"
                },
                "google_compute_address.concourse-address": {
                    "type": "google_compute_address",
                    "depends_on": [],
                    "primary": {
                        "id": "hol-basel-project-1/europe-west3/basel-2018-shared-concourse",
                        "attributes": {
                            "address": "35.242.243.254",
                            "address_type": "EXTERNAL",
                            "creation_timestamp": "2018-10-03T02:50:32.300-07:00",
                            "description": "",
                            "id": "hol-basel-project-1/europe-west3/basel-2018-shared-concourse",
                            "label_fingerprint": "42WmSpB8rSM=",
                            "labels.%": "0",
                            "name": "basel-2018-shared-concourse",
                            "network_tier": "PREMIUM",
                            "project": "hol-basel-project-1",
                            "region": "europe-west3",
                            "self_link": "https://www.googleapis.com/compute/v1/projects/hol-basel-project-1/regions/europe-west3/addresses/basel-2018-shared-concourse",
                            "subnetwork": "",
                            "users.#": "5",
                            "users.0": "https://www.googleapis.com/compute/beta/projects/hol-basel-project-1/regions/europe-west3/forwardingRules/basel-2018-shared-concourse-uaa",
                            "users.1": "https://www.googleapis.com/compute/beta/projects/hol-basel-project-1/regions/europe-west3/forwardingRules/basel-2018-shared-concourse-ssh",
                            "users.2": "https://www.googleapis.com/compute/beta/projects/hol-basel-project-1/regions/europe-west3/forwardingRules/basel-2018-shared-concourse-http",
                            "users.3": "https://www.googleapis.com/compute/beta/projects/hol-basel-project-1/regions/europe-west3/forwardingRules/basel-2018-shared-concourse-credhub",
                            "users.4": "https://www.googleapis.com/compute/beta/projects/hol-basel-project-1/regions/europe-west3/forwardingRules/basel-2018-shared-concourse-https"
                        },
                        "meta": {
                            "e2bfb730-ecaa-11e6-8f88-34363bc7c4c0": {
                                "create": 240000000000,
                                "delete": 240000000000,
                                "update": 240000000000
                            }
                        },
                        "tainted": false
                    },
                    "deposed": [],
                    "provider": "provider.google"
                },
                "google_compute_address.jumpbox-ip": {
                    "type": "google_compute_address",
                    "depends_on": [],
                    "primary": {
                        "id": "hol-basel-project-1/europe-west3/basel-2018-shared-jumpbox-ip",
                        "attributes": {
                            "address": "35.198.126.223",
                            "address_type": "EXTERNAL",
                            "creation_timestamp": "2018-10-03T02:50:33.107-07:00",
                            "description": "",
                            "id": "hol-basel-project-1/europe-west3/basel-2018-shared-jumpbox-ip",
                            "label_fingerprint": "42WmSpB8rSM=",
                            "labels.%": "0",
                            "name": "basel-2018-shared-jumpbox-ip",
                            "network_tier": "PREMIUM",
                            "project": "hol-basel-project-1",
                            "region": "europe-west3",
                            "self_link": "https://www.googleapis.com/compute/v1/projects/hol-basel-project-1/regions/europe-west3/addresses/basel-2018-shared-jumpbox-ip",
                            "subnetwork": "",
                            "users.#": "1",
                            "users.0": "https://www.googleapis.com/compute/beta/projects/hol-basel-project-1/zones/europe-west3-a/instances/vm-c36fcf70-fcbf-44c2-4a2f-10e471dbb535"
                        },
                        "meta": {
                            "e2bfb730-ecaa-11e6-8f88-34363bc7c4c0": {
                                "create": 240000000000,
                                "delete": 240000000000,
                                "update": 240000000000
                            }
                        },
                        "tainted": false
                    },
                    "deposed": [],
                    "provider": "provider.google"
                },
                "google_compute_address.kube-master-tcp": {
                    "type": "google_compute_address",
                    "depends_on": [],
                    "primary": {
                        "id": "hol-basel-project-1/europe-west3/basel-2018-shared-kube-master-tcp",
                        "attributes": {
                            "address": "35.242.254.204",
                            "address_type": "EXTERNAL",
                            "creation_timestamp": "2018-10-03T02:50:33.382-07:00",
                            "description": "",
                            "id": "hol-basel-project-1/europe-west3/basel-2018-shared-kube-master-tcp",
                            "label_fingerprint": "42WmSpB8rSM=",
                            "labels.%": "0",
                            "name": "basel-2018-shared-kube-master-tcp",
                            "network_tier": "PREMIUM",
                            "project": "hol-basel-project-1",
                            "region": "europe-west3",
                            "self_link": "https://www.googleapis.com/compute/v1/projects/hol-basel-project-1/regions/europe-west3/addresses/basel-2018-shared-kube-master-tcp",
                            "subnetwork": "",
                            "users.#": "1",
                            "users.0": "https://www.googleapis.com/compute/beta/projects/hol-basel-project-1/regions/europe-west3/forwardingRules/basel-2018-shared-kube-master-tcp"
                        },
                        "meta": {
                            "e2bfb730-ecaa-11e6-8f88-34363bc7c4c0": {
                                "create": 240000000000,
                                "delete": 240000000000,
                                "update": 240000000000
                            }
                        },
                        "tainted": false
                    },
                    "deposed": [],
                    "provider": "provider.google"
                },
                "google_compute_address.kube-worker-tcp": {
                    "type": "google_compute_address",
                    "depends_on": [],
                    "primary": {
                        "id": "hol-basel-project-1/europe-west3/basel-2018-shared-kube-worker-tcp",
                        "attributes": {
                            "address": "35.234.80.160",
                            "address_type": "EXTERNAL",
                            "creation_timestamp": "2018-10-03T02:50:33.171-07:00",
                            "description": "",
                            "id": "hol-basel-project-1/europe-west3/basel-2018-shared-kube-worker-tcp",
                            "label_fingerprint": "42WmSpB8rSM=",
                            "labels.%": "0",
                            "name": "basel-2018-shared-kube-worker-tcp",
                            "network_tier": "PREMIUM",
                            "project": "hol-basel-project-1",
                            "region": "europe-west3",
                            "self_link": "https://www.googleapis.com/compute/v1/projects/hol-basel-project-1/regions/europe-west3/addresses/basel-2018-shared-kube-worker-tcp",
                            "subnetwork": "",
                            "users.#": "1",
                            "users.0": "https://www.googleapis.com/compute/beta/projects/hol-basel-project-1/regions/europe-west3/forwardingRules/basel-2018-shared-kube-worker-tcp"
                        },
                        "meta": {
                            "e2bfb730-ecaa-11e6-8f88-34363bc7c4c0": {
                                "create": 240000000000,
                                "delete": 240000000000,
                                "update": 240000000000
                            }
                        },
                        "tainted": false
                    },
                    "deposed": [],
                    "provider": "provider.google"
                },
                "google_compute_backend_service.router-lb-backend-service": {
                    "type": "google_compute_backend_service",
                    "depends_on": [
                        "google_compute_health_check.cf-public-health-check",
                        "google_compute_instance_group.router-lb-0",
                        "google_compute_instance_group.router-lb-1",
                        "google_compute_instance_group.router-lb-2"
                    ],
                    "primary": {
                        "id": "basel-2018-shared-router-lb",
                        "attributes": {
                            "backend.#": "3",
                            "backend.2758045622.balancing_mode": "UTILIZATION",
                            "backend.2758045622.capacity_scaler": "1",
                            "backend.2758045622.description": "",
                            "backend.2758045622.group": "https://www.googleapis.com/compute/beta/projects/hol-basel-project-1/zones/europe-west3-c/instanceGroups/basel-2018-shared-router-lb-2-europe-west3-c",
                            "backend.2758045622.max_connections": "0",
                            "backend.2758045622.max_connections_per_instance": "0",
                            "backend.2758045622.max_rate": "0",
                            "backend.2758045622.max_rate_per_instance": "0",
                            "backend.2758045622.max_utilization": "0.8",
                            "backend.2924149942.balancing_mode": "UTILIZATION",
                            "backend.2924149942.capacity_scaler": "1",
                            "backend.2924149942.description": "",
                            "backend.2924149942.group": "https://www.googleapis.com/compute/beta/projects/hol-basel-project-1/zones/europe-west3-b/instanceGroups/basel-2018-shared-router-lb-1-europe-west3-b",
                            "backend.2924149942.max_connections": "0",
                            "backend.2924149942.max_connections_per_instance": "0",
                            "backend.2924149942.max_rate": "0",
                            "backend.2924149942.max_rate_per_instance": "0",
                            "backend.2924149942.max_utilization": "0.8",
                            "backend.696640647.balancing_mode": "UTILIZATION",
                            "backend.696640647.capacity_scaler": "1",
                            "backend.696640647.description": "",
                            "backend.696640647.group": "https://www.googleapis.com/compute/beta/projects/hol-basel-project-1/zones/europe-west3-a/instanceGroups/basel-2018-shared-router-lb-0-europe-west3-a",
                            "backend.696640647.max_connections": "0",
                            "backend.696640647.max_connections_per_instance": "0",
                            "backend.696640647.max_rate": "0",
                            "backend.696640647.max_rate_per_instance": "0",
                            "backend.696640647.max_utilization": "0.8",
                            "cdn_policy.#": "1",
                            "cdn_policy.0.cache_key_policy.#": "1",
                            "cdn_policy.0.cache_key_policy.0.include_host": "false",
                            "cdn_policy.0.cache_key_policy.0.include_protocol": "false",
                            "cdn_policy.0.cache_key_policy.0.include_query_string": "false",
                            "cdn_policy.0.cache_key_policy.0.query_string_blacklist.#": "0",
                            "cdn_policy.0.cache_key_policy.0.query_string_whitelist.#": "0",
                            "connection_draining_timeout_sec": "300",
                            "custom_request_headers.#": "0",
                            "description": "",
                            "enable_cdn": "false",
                            "fingerprint": "v-9e0iH92-w=",
                            "health_checks.#": "1",
                            "health_checks.2474977632": "https://www.googleapis.com/compute/beta/projects/hol-basel-project-1/global/healthChecks/basel-2018-shared-cf-public",
                            "iap.#": "0",
                            "id": "basel-2018-shared-router-lb",
                            "name": "basel-2018-shared-router-lb",
                            "port_name": "https",
                            "project": "hol-basel-project-1",
                            "protocol": "HTTPS",
                            "security_policy": "",
                            "self_link": "https://www.googleapis.com/compute/v1/projects/hol-basel-project-1/global/backendServices/basel-2018-shared-router-lb",
                            "session_affinity": "NONE",
                            "timeout_sec": "900"
                        },
                        "meta": {
                            "schema_version": "1"
                        },
                        "tainted": false
                    },
                    "deposed": [],
                    "provider": "provider.google"
                },
                "google_compute_firewall.bosh-director": {
                    "type": "google_compute_firewall",
                    "depends_on": [
                        "google_compute_network.bbl-network"
                    ],
                    "primary": {
                        "id": "basel-2018-shared-bosh-director",
                        "attributes": {
                            "allow.#": "1",
                            "allow.3848845357.ports.#": "0",
                            "allow.3848845357.protocol": "tcp",
                            "creation_timestamp": "2018-10-03T02:50:57.457-07:00",
                            "deny.#": "0",
                            "description": "",
                            "destination_ranges.#": "0",
                            "direction": "INGRESS",
                            "disabled": "false",
                            "enable_logging": "false",
                            "id": "basel-2018-shared-bosh-director",
                            "name": "basel-2018-shared-bosh-director",
                            "network": "https://www.googleapis.com/compute/v1/projects/hol-basel-project-1/global/networks/basel-2018-shared-network",
                            "priority": "1000",
                            "project": "hol-basel-project-1",
                            "self_link": "https://www.googleapis.com/compute/v1/projects/hol-basel-project-1/global/firewalls/basel-2018-shared-bosh-director",
                            "source_ranges.#": "0",
                            "source_service_accounts.#": "0",
                            "source_tags.#": "1",
                            "source_tags.3637921718": "basel-2018-shared-bosh-director",
                            "target_service_accounts.#": "0",
                            "target_tags.#": "1",
                            "target_tags.2872512386": "basel-2018-shared-internal"
                        },
                        "meta": {
                            "e2bfb730-ecaa-11e6-8f88-34363bc7c4c0": {
                                "create": 240000000000,
                                "delete": 240000000000,
                                "update": 240000000000
                            },
                            "schema_version": "1"
                        },
                        "tainted": false
                    },
                    "deposed": [],
                    "provider": "provider.google"
                },
                "google_compute_firewall.bosh-open": {
                    "type": "google_compute_firewall",
                    "depends_on": [
                        "google_compute_network.bbl-network"
                    ],
                    "primary": {
                        "id": "basel-2018-shared-bosh-open",
                        "attributes": {
                            "allow.#": "1",
                            "allow.4272252387.ports.#": "5",
                            "allow.4272252387.ports.0": "22",
                            "allow.4272252387.ports.1": "6868",
                            "allow.4272252387.ports.2": "8443",
                            "allow.4272252387.ports.3": "8844",
                            "allow.4272252387.ports.4": "25555",
                            "allow.4272252387.protocol": "tcp",
                            "creation_timestamp": "2018-10-03T02:50:59.730-07:00",
                            "deny.#": "0",
                            "description": "",
                            "destination_ranges.#": "0",
                            "direction": "INGRESS",
                            "disabled": "false",
                            "enable_logging": "false",
                            "id": "basel-2018-shared-bosh-open",
                            "name": "basel-2018-shared-bosh-open",
                            "network": "https://www.googleapis.com/compute/v1/projects/hol-basel-project-1/global/networks/basel-2018-shared-network",
                            "priority": "1000",
                            "project": "hol-basel-project-1",
                            "self_link": "https://www.googleapis.com/compute/v1/projects/hol-basel-project-1/global/firewalls/basel-2018-shared-bosh-open",
                            "source_ranges.#": "0",
                            "source_service_accounts.#": "0",
                            "source_tags.#": "1",
                            "source_tags.2181728435": "basel-2018-shared-bosh-open",
                            "target_service_accounts.#": "0",
                            "target_tags.#": "1",
                            "target_tags.3637921718": "basel-2018-shared-bosh-director"
                        },
                        "meta": {
                            "e2bfb730-ecaa-11e6-8f88-34363bc7c4c0": {
                                "create": 240000000000,
                                "delete": 240000000000,
                                "update": 240000000000
                            },
                            "schema_version": "1"
                        },
                        "tainted": false
                    },
                    "deposed": [],
                    "provider": "provider.google"
                },
                "google_compute_firewall.cf-health-check": {
                    "type": "google_compute_firewall",
                    "depends_on": [
                        "google_compute_backend_service.router-lb-backend-service",
                        "google_compute_network.bbl-network"
                    ],
                    "primary": {
                        "id": "basel-2018-shared-cf-health-check",
                        "attributes": {
                            "allow.#": "1",
                            "allow.2226799243.ports.#": "2",
                            "allow.2226799243.ports.0": "8080",
                            "allow.2226799243.ports.1": "80",
                            "allow.2226799243.protocol": "tcp",
                            "creation_timestamp": "2018-10-03T04:04:16.874-07:00",
                            "deny.#": "0",
                            "description": "",
                            "destination_ranges.#": "0",
                            "direction": "INGRESS",
                            "disabled": "false",
                            "enable_logging": "false",
                            "id": "basel-2018-shared-cf-health-check",
                            "name": "basel-2018-shared-cf-health-check",
                            "network": "https://www.googleapis.com/compute/v1/projects/hol-basel-project-1/global/networks/basel-2018-shared-network",
                            "priority": "1000",
                            "project": "hol-basel-project-1",
                            "self_link": "https://www.googleapis.com/compute/v1/projects/hol-basel-project-1/global/firewalls/basel-2018-shared-cf-health-check",
                            "source_ranges.#": "2",
                            "source_ranges.2192388802": "130.211.0.0/22",
                            "source_ranges.2394378644": "35.191.0.0/16",
                            "source_service_accounts.#": "0",
                            "source_tags.#": "0",
                            "target_service_accounts.#": "0",
                            "target_tags.#": "1",
                            "target_tags.1341057875": "basel-2018-shared-router-lb"
                        },
                        "meta": {
                            "e2bfb730-ecaa-11e6-8f88-34363bc7c4c0": {
                                "create": 240000000000,
                                "delete": 240000000000,
                                "update": 240000000000
                            },
                            "schema_version": "1"
                        },
                        "tainted": false
                    },
                    "deposed": [],
                    "provider": "provider.google"
                },
                "google_compute_firewall.cf-ssh-proxy": {
                    "type": "google_compute_firewall",
                    "depends_on": [
                        "google_compute_network.bbl-network",
                        "google_compute_target_pool.cf-ssh-proxy"
                    ],
                    "primary": {
                        "id": "basel-2018-shared-cf-ssh-proxy-open",
                        "attributes": {
                            "allow.#": "1",
                            "allow.1291519450.ports.#": "1",
                            "allow.1291519450.ports.0": "2222",
                            "allow.1291519450.protocol": "tcp",
                            "creation_timestamp": "2018-10-03T04:04:04.391-07:00",
                            "deny.#": "0",
                            "description": "",
                            "destination_ranges.#": "0",
                            "direction": "INGRESS",
                            "disabled": "false",
                            "enable_logging": "false",
                            "id": "basel-2018-shared-cf-ssh-proxy-open",
                            "name": "basel-2018-shared-cf-ssh-proxy-open",
                            "network": "https://www.googleapis.com/compute/v1/projects/hol-basel-project-1/global/networks/basel-2018-shared-network",
                            "priority": "1000",
                            "project": "hol-basel-project-1",
                            "self_link": "https://www.googleapis.com/compute/v1/projects/hol-basel-project-1/global/firewalls/basel-2018-shared-cf-ssh-proxy-open",
                            "source_ranges.#": "1",
                            "source_ranges.1080289494": "0.0.0.0/0",
                            "source_service_accounts.#": "0",
                            "source_tags.#": "0",
                            "target_service_accounts.#": "0",
                            "target_tags.#": "1",
                            "target_tags.1209465028": "basel-2018-shared-cf-ssh-proxy"
                        },
                        "meta": {
                            "e2bfb730-ecaa-11e6-8f88-34363bc7c4c0": {
                                "create": 240000000000,
                                "delete": 240000000000,
                                "update": 240000000000
                            },
                            "schema_version": "1"
                        },
                        "tainted": false
                    },
                    "deposed": [],
                    "provider": "provider.google"
                },
                "google_compute_firewall.cf-tcp-router": {
                    "type": "google_compute_firewall",
                    "depends_on": [
                        "google_compute_network.bbl-network",
                        "google_compute_target_pool.cf-tcp-router"
                    ],
                    "primary": {
                        "id": "basel-2018-shared-cf-tcp-router",
                        "attributes": {
                            "allow.#": "1",
                            "allow.4283264114.ports.#": "1",
                            "allow.4283264114.ports.0": "1024-32768",
                            "allow.4283264114.protocol": "tcp",
                            "creation_timestamp": "2018-10-03T04:04:16.211-07:00",
                            "deny.#": "0",
                            "description": "",
                            "destination_ranges.#": "0",
                            "direction": "INGRESS",
                            "disabled": "false",
                            "enable_logging": "false",
                            "id": "basel-2018-shared-cf-tcp-router",
                            "name": "basel-2018-shared-cf-tcp-router",
                            "network": "https://www.googleapis.com/compute/v1/projects/hol-basel-project-1/global/networks/basel-2018-shared-network",
                            "priority": "1000",
                            "project": "hol-basel-project-1",
                            "self_link": "https://www.googleapis.com/compute/v1/projects/hol-basel-project-1/global/firewalls/basel-2018-shared-cf-tcp-router",
                            "source_ranges.#": "1",
                            "source_ranges.1080289494": "0.0.0.0/0",
                            "source_service_accounts.#": "0",
                            "source_tags.#": "0",
                            "target_service_accounts.#": "0",
                            "target_tags.#": "1",
                            "target_tags.343637408": "basel-2018-shared-cf-tcp-router"
                        },
                        "meta": {
                            "e2bfb730-ecaa-11e6-8f88-34363bc7c4c0": {
                                "create": 240000000000,
                                "delete": 240000000000,
                                "update": 240000000000
                            },
                            "schema_version": "1"
                        },
                        "tainted": false
                    },
                    "deposed": [],
                    "provider": "provider.google"
                },
                "google_compute_firewall.external": {
                    "type": "google_compute_firewall",
                    "depends_on": [
                        "google_compute_network.bbl-network"
                    ],
                    "primary": {
                        "id": "basel-2018-shared-external",
                        "attributes": {
                            "allow.#": "1",
                            "allow.4201408149.ports.#": "3",
                            "allow.4201408149.ports.0": "22",
                            "allow.4201408149.ports.1": "6868",
                            "allow.4201408149.ports.2": "25555",
                            "allow.4201408149.protocol": "tcp",
                            "creation_timestamp": "2018-10-03T02:51:01.160-07:00",
                            "deny.#": "0",
                            "description": "",
                            "destination_ranges.#": "0",
                            "direction": "INGRESS",
                            "disabled": "false",
                            "enable_logging": "false",
                            "id": "basel-2018-shared-external",
                            "name": "basel-2018-shared-external",
                            "network": "https://www.googleapis.com/compute/v1/projects/hol-basel-project-1/global/networks/basel-2018-shared-network",
                            "priority": "1000",
                            "project": "hol-basel-project-1",
                            "self_link": "https://www.googleapis.com/compute/v1/projects/hol-basel-project-1/global/firewalls/basel-2018-shared-external",
                            "source_ranges.#": "1",
                            "source_ranges.1080289494": "0.0.0.0/0",
                            "source_service_accounts.#": "0",
                            "source_tags.#": "0",
                            "target_service_accounts.#": "0",
                            "target_tags.#": "1",
                            "target_tags.2181728435": "basel-2018-shared-bosh-open"
                        },
                        "meta": {
                            "e2bfb730-ecaa-11e6-8f88-34363bc7c4c0": {
                                "create": 240000000000,
                                "delete": 240000000000,
                                "update": 240000000000
                            },
                            "schema_version": "1"
                        },
                        "tainted": false
                    },
                    "deposed": [],
                    "provider": "provider.google"
                },
                "google_compute_firewall.firewall-cf": {
                    "type": "google_compute_firewall",
                    "depends_on": [
                        "google_compute_backend_service.router-lb-backend-service",
                        "google_compute_network.bbl-network"
                    ],
                    "primary": {
                        "id": "basel-2018-shared-cf-open",
                        "attributes": {
                            "allow.#": "1",
                            "allow.1250112605.ports.#": "2",
                            "allow.1250112605.ports.0": "80",
                            "allow.1250112605.ports.1": "443",
                            "allow.1250112605.protocol": "tcp",
                            "creation_timestamp": "2018-10-03T04:04:17.098-07:00",
                            "deny.#": "0",
                            "description": "",
                            "destination_ranges.#": "0",
                            "direction": "INGRESS",
                            "disabled": "false",
                            "enable_logging": "false",
                            "id": "basel-2018-shared-cf-open",
                            "name": "basel-2018-shared-cf-open",
                            "network": "https://www.googleapis.com/compute/v1/projects/hol-basel-project-1/global/networks/basel-2018-shared-network",
                            "priority": "1000",
                            "project": "hol-basel-project-1",
                            "self_link": "https://www.googleapis.com/compute/v1/projects/hol-basel-project-1/global/firewalls/basel-2018-shared-cf-open",
                            "source_ranges.#": "1",
                            "source_ranges.1080289494": "0.0.0.0/0",
                            "source_service_accounts.#": "0",
                            "source_tags.#": "0",
                            "target_service_accounts.#": "0",
                            "target_tags.#": "1",
                            "target_tags.1341057875": "basel-2018-shared-router-lb"
                        },
                        "meta": {
                            "e2bfb730-ecaa-11e6-8f88-34363bc7c4c0": {
                                "create": 240000000000,
                                "delete": 240000000000,
                                "update": 240000000000
                            },
                            "schema_version": "1"
                        },
                        "tainted": false
                    },
                    "deposed": [],
                    "provider": "provider.google"
                },
                "google_compute_firewall.firewall-concourse": {
                    "type": "google_compute_firewall",
                    "depends_on": [
                        "google_compute_network.bbl-network"
                    ],
                    "primary": {
                        "id": "basel-2018-shared-concourse-open",
                        "attributes": {
                            "allow.#": "1",
                            "allow.710036029.ports.#": "4",
                            "allow.710036029.ports.0": "80",
                            "allow.710036029.ports.1": "443",
                            "allow.710036029.ports.2": "2222",
                            "allow.710036029.ports.3": "8443",
                            "allow.710036029.protocol": "tcp",
                            "creation_timestamp": "2018-10-03T02:50:50.727-07:00",
                            "deny.#": "0",
                            "description": "",
                            "destination_ranges.#": "0",
                            "direction": "INGRESS",
                            "disabled": "false",
                            "enable_logging": "false",
                            "id": "basel-2018-shared-concourse-open",
                            "name": "basel-2018-shared-concourse-open",
                            "network": "https://www.googleapis.com/compute/v1/projects/hol-basel-project-1/global/networks/basel-2018-shared-network",
                            "priority": "1000",
                            "project": "hol-basel-project-1",
                            "self_link": "https://www.googleapis.com/compute/v1/projects/hol-basel-project-1/global/firewalls/basel-2018-shared-concourse-open",
                            "source_ranges.#": "1",
                            "source_ranges.1080289494": "0.0.0.0/0",
                            "source_service_accounts.#": "0",
                            "source_tags.#": "0",
                            "target_service_accounts.#": "0",
                            "target_tags.#": "1",
                            "target_tags.4143571578": "concourse"
                        },
                        "meta": {
                            "e2bfb730-ecaa-11e6-8f88-34363bc7c4c0": {
                                "create": 240000000000,
                                "delete": 240000000000,
                                "update": 240000000000
                            },
                            "schema_version": "1"
                        },
                        "tainted": false
                    },
                    "deposed": [],
                    "provider": "provider.google"
                },
                "google_compute_firewall.internal": {
                    "type": "google_compute_firewall",
                    "depends_on": [
                        "google_compute_network.bbl-network"
                    ],
                    "primary": {
                        "id": "basel-2018-shared-internal",
                        "attributes": {
                            "allow.#": "3",
                            "allow.1367131964.ports.#": "0",
                            "allow.1367131964.protocol": "icmp",
                            "allow.1486604749.ports.#": "0",
                            "allow.1486604749.protocol": "udp",
                            "allow.3848845357.ports.#": "0",
                            "allow.3848845357.protocol": "tcp",
                            "creation_timestamp": "2018-10-03T02:50:57.791-07:00",
                            "deny.#": "0",
                            "description": "",
                            "destination_ranges.#": "0",
                            "direction": "INGRESS",
                            "disabled": "false",
                            "enable_logging": "false",
                            "id": "basel-2018-shared-internal",
                            "name": "basel-2018-shared-internal",
                            "network": "https://www.googleapis.com/compute/v1/projects/hol-basel-project-1/global/networks/basel-2018-shared-network",
                            "priority": "1000",
                            "project": "hol-basel-project-1",
                            "self_link": "https://www.googleapis.com/compute/v1/projects/hol-basel-project-1/global/firewalls/basel-2018-shared-internal",
                            "source_ranges.#": "0",
                            "source_service_accounts.#": "0",
                            "source_tags.#": "1",
                            "source_tags.2872512386": "basel-2018-shared-internal",
                            "target_service_accounts.#": "0",
                            "target_tags.#": "1",
                            "target_tags.2872512386": "basel-2018-shared-internal"
                        },
                        "meta": {
                            "e2bfb730-ecaa-11e6-8f88-34363bc7c4c0": {
                                "create": 240000000000,
                                "delete": 240000000000,
                                "update": 240000000000
                            },
                            "schema_version": "1"
                        },
                        "tainted": false
                    },
                    "deposed": [],
                    "provider": "provider.google"
                },
                "google_compute_firewall.internal-to-director": {
                    "type": "google_compute_firewall",
                    "depends_on": [
                        "google_compute_network.bbl-network"
                    ],
                    "primary": {
                        "id": "basel-2018-shared-internal-to-director",
                        "attributes": {
                            "allow.#": "1",
                            "allow.3979585702.ports.#": "3",
                            "allow.3979585702.ports.0": "4222",
                            "allow.3979585702.ports.1": "25250",
                            "allow.3979585702.ports.2": "25777",
                            "allow.3979585702.protocol": "tcp",
                            "creation_timestamp": "2018-10-03T02:50:58.796-07:00",
                            "deny.#": "0",
                            "description": "",
                            "destination_ranges.#": "0",
                            "direction": "INGRESS",
                            "disabled": "false",
                            "enable_logging": "false",
                            "id": "basel-2018-shared-internal-to-director",
                            "name": "basel-2018-shared-internal-to-director",
                            "network": "https://www.googleapis.com/compute/v1/projects/hol-basel-project-1/global/networks/basel-2018-shared-network",
                            "priority": "1000",
                            "project": "hol-basel-project-1",
                            "self_link": "https://www.googleapis.com/compute/v1/projects/hol-basel-project-1/global/firewalls/basel-2018-shared-internal-to-director",
                            "source_ranges.#": "0",
                            "source_service_accounts.#": "0",
                            "source_tags.#": "1",
                            "source_tags.2872512386": "basel-2018-shared-internal",
                            "target_service_accounts.#": "0",
                            "target_tags.#": "1",
                            "target_tags.3637921718": "basel-2018-shared-bosh-director"
                        },
                        "meta": {
                            "e2bfb730-ecaa-11e6-8f88-34363bc7c4c0": {
                                "create": 240000000000,
                                "delete": 240000000000,
                                "update": 240000000000
                            },
                            "schema_version": "1"
                        },
                        "tainted": false
                    },
                    "deposed": [],
                    "provider": "provider.google"
                },
                "google_compute_firewall.jumpbox-to-all": {
                    "type": "google_compute_firewall",
                    "depends_on": [
                        "google_compute_network.bbl-network"
                    ],
                    "primary": {
                        "id": "basel-2018-shared-jumpbox-to-all",
                        "attributes": {
                            "allow.#": "1",
                            "allow.910322396.ports.#": "2",
                            "allow.910322396.ports.0": "22",
                            "allow.910322396.ports.1": "3389",
                            "allow.910322396.protocol": "tcp",
                            "creation_timestamp": "2018-10-03T02:50:56.797-07:00",
                            "deny.#": "0",
                            "description": "",
                            "destination_ranges.#": "0",
                            "direction": "INGRESS",
                            "disabled": "false",
                            "enable_logging": "false",
                            "id": "basel-2018-shared-jumpbox-to-all",
                            "name": "basel-2018-shared-jumpbox-to-all",
                            "network": "https://www.googleapis.com/compute/v1/projects/hol-basel-project-1/global/networks/basel-2018-shared-network",
                            "priority": "1000",
                            "project": "hol-basel-project-1",
                            "self_link": "https://www.googleapis.com/compute/v1/projects/hol-basel-project-1/global/firewalls/basel-2018-shared-jumpbox-to-all",
                            "source_ranges.#": "0",
                            "source_service_accounts.#": "0",
                            "source_tags.#": "1",
                            "source_tags.3670027023": "basel-2018-shared-jumpbox",
                            "target_service_accounts.#": "0",
                            "target_tags.#": "2",
                            "target_tags.2872512386": "basel-2018-shared-internal",
                            "target_tags.3637921718": "basel-2018-shared-bosh-director"
                        },
                        "meta": {
                            "e2bfb730-ecaa-11e6-8f88-34363bc7c4c0": {
                                "create": 240000000000,
                                "delete": 240000000000,
                                "update": 240000000000
                            },
                            "schema_version": "1"
                        },
                        "tainted": false
                    },
                    "deposed": [],
                    "provider": "provider.google"
                },
                "google_compute_firewall.kube-master-tcp": {
                    "type": "google_compute_firewall",
                    "depends_on": [
                        "google_compute_network.bbl-network"
                    ],
                    "primary": {
                        "id": "basel-2018-shared-kube-master-tcp",
                        "attributes": {
                            "allow.#": "1",
                            "allow.1052118868.ports.#": "1",
                            "allow.1052118868.ports.0": "8443",
                            "allow.1052118868.protocol": "tcp",
                            "creation_timestamp": "2018-10-03T02:50:50.301-07:00",
                            "deny.#": "0",
                            "description": "",
                            "destination_ranges.#": "0",
                            "direction": "INGRESS",
                            "disabled": "false",
                            "enable_logging": "false",
                            "id": "basel-2018-shared-kube-master-tcp",
                            "name": "basel-2018-shared-kube-master-tcp",
                            "network": "https://www.googleapis.com/compute/v1/projects/hol-basel-project-1/global/networks/basel-2018-shared-network",
                            "priority": "1000",
                            "project": "hol-basel-project-1",
                            "self_link": "https://www.googleapis.com/compute/v1/projects/hol-basel-project-1/global/firewalls/basel-2018-shared-kube-master-tcp",
                            "source_ranges.#": "1",
                            "source_ranges.1080289494": "0.0.0.0/0",
                            "source_service_accounts.#": "0",
                            "source_tags.#": "0",
                            "target_service_accounts.#": "0",
                            "target_tags.#": "1",
                            "target_tags.379925978": "basel-2018-shared-kube-master-tcp"
                        },
                        "meta": {
                            "e2bfb730-ecaa-11e6-8f88-34363bc7c4c0": {
                                "create": 240000000000,
                                "delete": 240000000000,
                                "update": 240000000000
                            },
                            "schema_version": "1"
                        },
                        "tainted": false
                    },
                    "deposed": [],
                    "provider": "provider.google"
                },
                "google_compute_firewall.kube-worker-tcp": {
                    "type": "google_compute_firewall",
                    "depends_on": [
                        "google_compute_network.bbl-network"
                    ],
                    "primary": {
                        "id": "basel-2018-shared-kube-worker-tcp",
                        "attributes": {
                            "allow.#": "1",
                            "allow.80500220.ports.#": "1",
                            "allow.80500220.ports.0": "1024-65535",
                            "allow.80500220.protocol": "tcp",
                            "creation_timestamp": "2018-10-03T02:51:00.568-07:00",
                            "deny.#": "0",
                            "description": "",
                            "destination_ranges.#": "0",
                            "direction": "INGRESS",
                            "disabled": "false",
                            "enable_logging": "false",
                            "id": "basel-2018-shared-kube-worker-tcp",
                            "name": "basel-2018-shared-kube-worker-tcp",
                            "network": "https://www.googleapis.com/compute/v1/projects/hol-basel-project-1/global/networks/basel-2018-shared-network",
                            "priority": "1000",
                            "project": "hol-basel-project-1",
                            "self_link": "https://www.googleapis.com/compute/v1/projects/hol-basel-project-1/global/firewalls/basel-2018-shared-kube-worker-tcp",
                            "source_ranges.#": "1",
                            "source_ranges.1080289494": "0.0.0.0/0",
                            "source_service_accounts.#": "0",
                            "source_tags.#": "0",
                            "target_service_accounts.#": "0",
                            "target_tags.#": "1",
                            "target_tags.3017216976": "basel-2018-shared-kube-worker-tcp"
                        },
                        "meta": {
                            "e2bfb730-ecaa-11e6-8f88-34363bc7c4c0": {
                                "create": 240000000000,
                                "delete": 240000000000,
                                "update": 240000000000
                            },
                            "schema_version": "1"
                        },
                        "tainted": false
                    },
                    "deposed": [],
                    "provider": "provider.google"
                },
                "google_compute_forwarding_rule.cf-ssh-proxy": {
                    "type": "google_compute_forwarding_rule",
                    "depends_on": [
                        "google_compute_address.cf-ssh-proxy",
                        "google_compute_target_pool.cf-ssh-proxy"
                    ],
                    "primary": {
                        "id": "basel-2018-shared-cf-ssh-proxy",
                        "attributes": {
                            "backend_service": "",
                            "creation_timestamp": "2018-10-03T04:04:05.797-07:00",
                            "description": "",
                            "id": "basel-2018-shared-cf-ssh-proxy",
                            "ip_address": "35.242.193.60",
                            "ip_protocol": "TCP",
                            "ip_version": "",
                            "label_fingerprint": "42WmSpB8rSM=",
                            "labels.%": "0",
                            "load_balancing_scheme": "EXTERNAL",
                            "name": "basel-2018-shared-cf-ssh-proxy",
                            "network": "",
                            "network_tier": "PREMIUM",
                            "port_range": "2222-2222",
                            "ports.#": "0",
                            "project": "hol-basel-project-1",
                            "region": "europe-west3",
                            "self_link": "https://www.googleapis.com/compute/v1/projects/hol-basel-project-1/regions/europe-west3/forwardingRules/basel-2018-shared-cf-ssh-proxy",
                            "service_label": "",
                            "service_name": "",
                            "subnetwork": "",
                            "target": "https://www.googleapis.com/compute/v1/projects/hol-basel-project-1/regions/europe-west3/targetPools/basel-2018-shared-cf-ssh-proxy"
                        },
                        "meta": {
                            "e2bfb730-ecaa-11e6-8f88-34363bc7c4c0": {
                                "create": 240000000000,
                                "delete": 240000000000,
                                "update": 240000000000
                            }
                        },
                        "tainted": false
                    },
                    "deposed": [],
                    "provider": "provider.google"
                },
                "google_compute_forwarding_rule.cf-tcp-router": {
                    "type": "google_compute_forwarding_rule",
                    "depends_on": [
                        "google_compute_address.cf-tcp-router",
                        "google_compute_target_pool.cf-tcp-router"
                    ],
                    "primary": {
                        "id": "basel-2018-shared-cf-tcp-router",
                        "attributes": {
                            "backend_service": "",
                            "creation_timestamp": "2018-10-03T04:04:16.584-07:00",
                            "description": "",
                            "id": "basel-2018-shared-cf-tcp-router",
                            "ip_address": "35.242.196.118",
                            "ip_protocol": "TCP",
                            "ip_version": "",
                            "label_fingerprint": "42WmSpB8rSM=",
                            "labels.%": "0",
                            "load_balancing_scheme": "EXTERNAL",
                            "name": "basel-2018-shared-cf-tcp-router",
                            "network": "",
                            "network_tier": "PREMIUM",
                            "port_range": "1024-32768",
                            "ports.#": "0",
                            "project": "hol-basel-project-1",
                            "region": "europe-west3",
                            "self_link": "https://www.googleapis.com/compute/v1/projects/hol-basel-project-1/regions/europe-west3/forwardingRules/basel-2018-shared-cf-tcp-router",
                            "service_label": "",
                            "service_name": "",
                            "subnetwork": "",
                            "target": "https://www.googleapis.com/compute/v1/projects/hol-basel-project-1/regions/europe-west3/targetPools/basel-2018-shared-cf-tcp-router"
                        },
                        "meta": {
                            "e2bfb730-ecaa-11e6-8f88-34363bc7c4c0": {
                                "create": 240000000000,
                                "delete": 240000000000,
                                "update": 240000000000
                            }
                        },
                        "tainted": false
                    },
                    "deposed": [],
                    "provider": "provider.google"
                },
                "google_compute_forwarding_rule.cf-ws-http": {
                    "type": "google_compute_forwarding_rule",
                    "depends_on": [
                        "google_compute_address.cf-ws",
                        "google_compute_target_pool.cf-ws"
                    ],
                    "primary": {
                        "id": "basel-2018-shared-cf-ws-http",
                        "attributes": {
                            "backend_service": "",
                            "creation_timestamp": "2018-10-03T04:04:16.102-07:00",
                            "description": "",
                            "id": "basel-2018-shared-cf-ws-http",
                            "ip_address": "35.198.96.120",
                            "ip_protocol": "TCP",
                            "ip_version": "",
                            "label_fingerprint": "42WmSpB8rSM=",
                            "labels.%": "0",
                            "load_balancing_scheme": "EXTERNAL",
                            "name": "basel-2018-shared-cf-ws-http",
                            "network": "",
                            "network_tier": "PREMIUM",
                            "port_range": "80-80",
                            "ports.#": "0",
                            "project": "hol-basel-project-1",
                            "region": "europe-west3",
                            "self_link": "https://www.googleapis.com/compute/v1/projects/hol-basel-project-1/regions/europe-west3/forwardingRules/basel-2018-shared-cf-ws-http",
                            "service_label": "",
                            "service_name": "",
                            "subnetwork": "",
                            "target": "https://www.googleapis.com/compute/v1/projects/hol-basel-project-1/regions/europe-west3/targetPools/basel-2018-shared-cf-ws"
                        },
                        "meta": {
                            "e2bfb730-ecaa-11e6-8f88-34363bc7c4c0": {
                                "create": 240000000000,
                                "delete": 240000000000,
                                "update": 240000000000
                            }
                        },
                        "tainted": false
                    },
                    "deposed": [],
                    "provider": "provider.google"
                },
                "google_compute_forwarding_rule.cf-ws-https": {
                    "type": "google_compute_forwarding_rule",
                    "depends_on": [
                        "google_compute_address.cf-ws",
                        "google_compute_target_pool.cf-ws"
                    ],
                    "primary": {
                        "id": "basel-2018-shared-cf-ws-https",
                        "attributes": {
                            "backend_service": "",
                            "creation_timestamp": "2018-10-03T04:04:16.439-07:00",
                            "description": "",
                            "id": "basel-2018-shared-cf-ws-https",
                            "ip_address": "35.198.96.120",
                            "ip_protocol": "TCP",
                            "ip_version": "",
                            "label_fingerprint": "42WmSpB8rSM=",
                            "labels.%": "0",
                            "load_balancing_scheme": "EXTERNAL",
                            "name": "basel-2018-shared-cf-ws-https",
                            "network": "",
                            "network_tier": "PREMIUM",
                            "port_range": "443-443",
                            "ports.#": "0",
                            "project": "hol-basel-project-1",
                            "region": "europe-west3",
                            "self_link": "https://www.googleapis.com/compute/v1/projects/hol-basel-project-1/regions/europe-west3/forwardingRules/basel-2018-shared-cf-ws-https",
                            "service_label": "",
                            "service_name": "",
                            "subnetwork": "",
                            "target": "https://www.googleapis.com/compute/v1/projects/hol-basel-project-1/regions/europe-west3/targetPools/basel-2018-shared-cf-ws"
                        },
                        "meta": {
                            "e2bfb730-ecaa-11e6-8f88-34363bc7c4c0": {
                                "create": 240000000000,
                                "delete": 240000000000,
                                "update": 240000000000
                            }
                        },
                        "tainted": false
                    },
                    "deposed": [],
                    "provider": "provider.google"
                },
                "google_compute_forwarding_rule.credhub-forwarding-rule": {
                    "type": "google_compute_forwarding_rule",
                    "depends_on": [
                        "google_compute_address.concourse-address",
                        "google_compute_target_pool.target-pool"
                    ],
                    "primary": {
                        "id": "basel-2018-shared-concourse-credhub",
                        "attributes": {
                            "backend_service": "",
                            "creation_timestamp": "2018-10-03T02:50:49.387-07:00",
                            "description": "",
                            "id": "basel-2018-shared-concourse-credhub",
                            "ip_address": "35.242.243.254",
                            "ip_protocol": "TCP",
                            "ip_version": "",
                            "label_fingerprint": "42WmSpB8rSM=",
                            "labels.%": "0",
                            "load_balancing_scheme": "EXTERNAL",
                            "name": "basel-2018-shared-concourse-credhub",
                            "network": "",
                            "network_tier": "PREMIUM",
                            "port_range": "8844-8844",
                            "ports.#": "0",
                            "project": "hol-basel-project-1",
                            "region": "europe-west3",
                            "self_link": "https://www.googleapis.com/compute/v1/projects/hol-basel-project-1/regions/europe-west3/forwardingRules/basel-2018-shared-concourse-credhub",
                            "service_label": "",
                            "service_name": "",
                            "subnetwork": "",
                            "target": "https://www.googleapis.com/compute/v1/projects/hol-basel-project-1/regions/europe-west3/targetPools/basel-2018-shared-concourse"
                        },
                        "meta": {
                            "e2bfb730-ecaa-11e6-8f88-34363bc7c4c0": {
                                "create": 240000000000,
                                "delete": 240000000000,
                                "update": 240000000000
                            }
                        },
                        "tainted": false
                    },
                    "deposed": [],
                    "provider": "provider.google"
                },
                "google_compute_forwarding_rule.http-forwarding-rule": {
                    "type": "google_compute_forwarding_rule",
                    "depends_on": [
                        "google_compute_address.concourse-address",
                        "google_compute_target_pool.target-pool"
                    ],
                    "primary": {
                        "id": "basel-2018-shared-concourse-http",
                        "attributes": {
                            "backend_service": "",
                            "creation_timestamp": "2018-10-03T02:50:45.774-07:00",
                            "description": "",
                            "id": "basel-2018-shared-concourse-http",
                            "ip_address": "35.242.243.254",
                            "ip_protocol": "TCP",
                            "ip_version": "",
                            "label_fingerprint": "42WmSpB8rSM=",
                            "labels.%": "0",
                            "load_balancing_scheme": "EXTERNAL",
                            "name": "basel-2018-shared-concourse-http",
                            "network": "",
                            "network_tier": "PREMIUM",
                            "port_range": "80-80",
                            "ports.#": "0",
                            "project": "hol-basel-project-1",
                            "region": "europe-west3",
                            "self_link": "https://www.googleapis.com/compute/v1/projects/hol-basel-project-1/regions/europe-west3/forwardingRules/basel-2018-shared-concourse-http",
                            "service_label": "",
                            "service_name": "",
                            "subnetwork": "",
                            "target": "https://www.googleapis.com/compute/v1/projects/hol-basel-project-1/regions/europe-west3/targetPools/basel-2018-shared-concourse"
                        },
                        "meta": {
                            "e2bfb730-ecaa-11e6-8f88-34363bc7c4c0": {
                                "create": 240000000000,
                                "delete": 240000000000,
                                "update": 240000000000
                            }
                        },
                        "tainted": false
                    },
                    "deposed": [],
                    "provider": "provider.google"
                },
                "google_compute_forwarding_rule.https-forwarding-rule": {
                    "type": "google_compute_forwarding_rule",
                    "depends_on": [
                        "google_compute_address.concourse-address",
                        "google_compute_target_pool.target-pool"
                    ],
                    "primary": {
                        "id": "basel-2018-shared-concourse-https",
                        "attributes": {
                            "backend_service": "",
                            "creation_timestamp": "2018-10-03T02:50:45.304-07:00",
                            "description": "",
                            "id": "basel-2018-shared-concourse-https",
                            "ip_address": "35.242.243.254",
                            "ip_protocol": "TCP",
                            "ip_version": "",
                            "label_fingerprint": "42WmSpB8rSM=",
                            "labels.%": "0",
                            "load_balancing_scheme": "EXTERNAL",
                            "name": "basel-2018-shared-concourse-https",
                            "network": "",
                            "network_tier": "PREMIUM",
                            "port_range": "443-443",
                            "ports.#": "0",
                            "project": "hol-basel-project-1",
                            "region": "europe-west3",
                            "self_link": "https://www.googleapis.com/compute/v1/projects/hol-basel-project-1/regions/europe-west3/forwardingRules/basel-2018-shared-concourse-https",
                            "service_label": "",
                            "service_name": "",
                            "subnetwork": "",
                            "target": "https://www.googleapis.com/compute/v1/projects/hol-basel-project-1/regions/europe-west3/targetPools/basel-2018-shared-concourse"
                        },
                        "meta": {
                            "e2bfb730-ecaa-11e6-8f88-34363bc7c4c0": {
                                "create": 240000000000,
                                "delete": 240000000000,
                                "update": 240000000000
                            }
                        },
                        "tainted": false
                    },
                    "deposed": [],
                    "provider": "provider.google"
                },
                "google_compute_forwarding_rule.kube-master-tcp": {
                    "type": "google_compute_forwarding_rule",
                    "depends_on": [
                        "google_compute_address.kube-master-tcp",
                        "google_compute_target_pool.kube-master-tcp"
                    ],
                    "primary": {
                        "id": "basel-2018-shared-kube-master-tcp",
                        "attributes": {
                            "backend_service": "",
                            "creation_timestamp": "2018-10-03T02:50:45.577-07:00",
                            "description": "",
                            "id": "basel-2018-shared-kube-master-tcp",
                            "ip_address": "35.242.254.204",
                            "ip_protocol": "TCP",
                            "ip_version": "",
                            "label_fingerprint": "42WmSpB8rSM=",
                            "labels.%": "0",
                            "load_balancing_scheme": "EXTERNAL",
                            "name": "basel-2018-shared-kube-master-tcp",
                            "network": "",
                            "network_tier": "PREMIUM",
                            "port_range": "1024-65535",
                            "ports.#": "0",
                            "project": "hol-basel-project-1",
                            "region": "europe-west3",
                            "self_link": "https://www.googleapis.com/compute/v1/projects/hol-basel-project-1/regions/europe-west3/forwardingRules/basel-2018-shared-kube-master-tcp",
                            "service_label": "",
                            "service_name": "",
                            "subnetwork": "",
                            "target": "https://www.googleapis.com/compute/v1/projects/hol-basel-project-1/regions/europe-west3/targetPools/basel-2018-shared-kube-master-tcp"
                        },
                        "meta": {
                            "e2bfb730-ecaa-11e6-8f88-34363bc7c4c0": {
                                "create": 240000000000,
                                "delete": 240000000000,
                                "update": 240000000000
                            }
                        },
                        "tainted": false
                    },
                    "deposed": [],
                    "provider": "provider.google"
                },
                "google_compute_forwarding_rule.kube-worker-tcp": {
                    "type": "google_compute_forwarding_rule",
                    "depends_on": [
                        "google_compute_address.kube-worker-tcp",
                        "google_compute_target_pool.kube-worker-tcp"
                    ],
                    "primary": {
                        "id": "basel-2018-shared-kube-worker-tcp",
                        "attributes": {
                            "backend_service": "",
                            "creation_timestamp": "2018-10-03T02:50:44.998-07:00",
                            "description": "",
                            "id": "basel-2018-shared-kube-worker-tcp",
                            "ip_address": "35.234.80.160",
                            "ip_protocol": "TCP",
                            "ip_version": "",
                            "label_fingerprint": "42WmSpB8rSM=",
                            "labels.%": "0",
                            "load_balancing_scheme": "EXTERNAL",
                            "name": "basel-2018-shared-kube-worker-tcp",
                            "network": "",
                            "network_tier": "PREMIUM",
                            "port_range": "1024-65535",
                            "ports.#": "0",
                            "project": "hol-basel-project-1",
                            "region": "europe-west3",
                            "self_link": "https://www.googleapis.com/compute/v1/projects/hol-basel-project-1/regions/europe-west3/forwardingRules/basel-2018-shared-kube-worker-tcp",
                            "service_label": "",
                            "service_name": "",
                            "subnetwork": "",
                            "target": "https://www.googleapis.com/compute/v1/projects/hol-basel-project-1/regions/europe-west3/targetPools/basel-2018-shared-kube-worker-tcp"
                        },
                        "meta": {
                            "e2bfb730-ecaa-11e6-8f88-34363bc7c4c0": {
                                "create": 240000000000,
                                "delete": 240000000000,
                                "update": 240000000000
                            }
                        },
                        "tainted": false
                    },
                    "deposed": [],
                    "provider": "provider.google"
                },
                "google_compute_forwarding_rule.ssh-forwarding-rule": {
                    "type": "google_compute_forwarding_rule",
                    "depends_on": [
                        "google_compute_address.concourse-address",
                        "google_compute_target_pool.target-pool"
                    ],
                    "primary": {
                        "id": "basel-2018-shared-concourse-ssh",
                        "attributes": {
                            "backend_service": "",
                            "creation_timestamp": "2018-10-03T02:50:48.719-07:00",
                            "description": "",
                            "id": "basel-2018-shared-concourse-ssh",
                            "ip_address": "35.242.243.254",
                            "ip_protocol": "TCP",
                            "ip_version": "",
                            "label_fingerprint": "42WmSpB8rSM=",
                            "labels.%": "0",
                            "load_balancing_scheme": "EXTERNAL",
                            "name": "basel-2018-shared-concourse-ssh",
                            "network": "",
                            "network_tier": "PREMIUM",
                            "port_range": "2222-2222",
                            "ports.#": "0",
                            "project": "hol-basel-project-1",
                            "region": "europe-west3",
                            "self_link": "https://www.googleapis.com/compute/v1/projects/hol-basel-project-1/regions/europe-west3/forwardingRules/basel-2018-shared-concourse-ssh",
                            "service_label": "",
                            "service_name": "",
                            "subnetwork": "",
                            "target": "https://www.googleapis.com/compute/v1/projects/hol-basel-project-1/regions/europe-west3/targetPools/basel-2018-shared-concourse"
                        },
                        "meta": {
                            "e2bfb730-ecaa-11e6-8f88-34363bc7c4c0": {
                                "create": 240000000000,
                                "delete": 240000000000,
                                "update": 240000000000
                            }
                        },
                        "tainted": false
                    },
                    "deposed": [],
                    "provider": "provider.google"
                },
                "google_compute_forwarding_rule.uaa-forwarding-rule": {
                    "type": "google_compute_forwarding_rule",
                    "depends_on": [
                        "google_compute_address.concourse-address",
                        "google_compute_target_pool.target-pool"
                    ],
                    "primary": {
                        "id": "basel-2018-shared-concourse-uaa",
                        "attributes": {
                            "backend_service": "",
                            "creation_timestamp": "2018-10-03T02:50:47.071-07:00",
                            "description": "",
                            "id": "basel-2018-shared-concourse-uaa",
                            "ip_address": "35.242.243.254",
                            "ip_protocol": "TCP",
                            "ip_version": "",
                            "label_fingerprint": "42WmSpB8rSM=",
                            "labels.%": "0",
                            "load_balancing_scheme": "EXTERNAL",
                            "name": "basel-2018-shared-concourse-uaa",
                            "network": "",
                            "network_tier": "PREMIUM",
                            "port_range": "8443-8443",
                            "ports.#": "0",
                            "project": "hol-basel-project-1",
                            "region": "europe-west3",
                            "self_link": "https://www.googleapis.com/compute/v1/projects/hol-basel-project-1/regions/europe-west3/forwardingRules/basel-2018-shared-concourse-uaa",
                            "service_label": "",
                            "service_name": "",
                            "subnetwork": "",
                            "target": "https://www.googleapis.com/compute/v1/projects/hol-basel-project-1/regions/europe-west3/targetPools/basel-2018-shared-concourse"
                        },
                        "meta": {
                            "e2bfb730-ecaa-11e6-8f88-34363bc7c4c0": {
                                "create": 240000000000,
                                "delete": 240000000000,
                                "update": 240000000000
                            }
                        },
                        "tainted": false
                    },
                    "deposed": [],
                    "provider": "provider.google"
                },
                "google_compute_global_address.cf-address": {
                    "type": "google_compute_global_address",
                    "depends_on": [],
                    "primary": {
                        "id": "basel-2018-shared-cf",
                        "attributes": {
                            "address": "35.241.26.200",
                            "creation_timestamp": "2018-10-03T04:03:52.872-07:00",
                            "description": "",
                            "id": "basel-2018-shared-cf",
                            "ip_version": "",
                            "label_fingerprint": "42WmSpB8rSM=",
                            "labels.%": "0",
                            "name": "basel-2018-shared-cf",
                            "project": "hol-basel-project-1",
                            "self_link": "https://www.googleapis.com/compute/v1/projects/hol-basel-project-1/global/addresses/basel-2018-shared-cf"
                        },
                        "meta": {
                            "e2bfb730-ecaa-11e6-8f88-34363bc7c4c0": {
                                "create": 240000000000,
                                "delete": 240000000000,
                                "update": 240000000000
                            }
                        },
                        "tainted": false
                    },
                    "deposed": [],
                    "provider": "provider.google"
                },
                "google_compute_global_forwarding_rule.cf-http-forwarding-rule": {
                    "type": "google_compute_global_forwarding_rule",
                    "depends_on": [
                        "google_compute_global_address.cf-address",
                        "google_compute_target_http_proxy.cf-http-lb-proxy"
                    ],
                    "primary": {
                        "id": "basel-2018-shared-cf-http",
                        "attributes": {
                            "description": "",
                            "id": "basel-2018-shared-cf-http",
                            "ip_address": "35.241.26.200",
                            "ip_protocol": "TCP",
                            "ip_version": "",
                            "label_fingerprint": "42WmSpB8rSM=",
                            "labels.%": "0",
                            "name": "basel-2018-shared-cf-http",
                            "port_range": "80-80",
                            "project": "hol-basel-project-1",
                            "self_link": "https://www.googleapis.com/compute/v1/projects/hol-basel-project-1/global/forwardingRules/basel-2018-shared-cf-http",
                            "target": "https://www.googleapis.com/compute/beta/projects/hol-basel-project-1/global/targetHttpProxies/basel-2018-shared-http-proxy"
                        },
                        "meta": {},
                        "tainted": false
                    },
                    "deposed": [],
                    "provider": "provider.google"
                },
                "google_compute_health_check.cf-public-health-check": {
                    "type": "google_compute_health_check",
                    "depends_on": [],
                    "primary": {
                        "id": "basel-2018-shared-cf-public",
                        "attributes": {
                            "check_interval_sec": "5",
                            "creation_timestamp": "2018-10-03T04:03:52.857-07:00",
                            "description": "",
                            "healthy_threshold": "2",
                            "http_health_check.#": "1",
                            "http_health_check.0.host": "",
                            "http_health_check.0.port": "8080",
                            "http_health_check.0.proxy_header": "NONE",
                            "http_health_check.0.request_path": "/health",
                            "https_health_check.#": "0",
                            "id": "basel-2018-shared-cf-public",
                            "name": "basel-2018-shared-cf-public",
                            "project": "hol-basel-project-1",
                            "self_link": "https://www.googleapis.com/compute/v1/projects/hol-basel-project-1/global/healthChecks/basel-2018-shared-cf-public",
                            "ssl_health_check.#": "0",
                            "tcp_health_check.#": "0",
                            "timeout_sec": "5",
                            "type": "HTTP",
                            "unhealthy_threshold": "2"
                        },
                        "meta": {
                            "e2bfb730-ecaa-11e6-8f88-34363bc7c4c0": {
                                "create": 240000000000,
                                "delete": 240000000000,
                                "update": 240000000000
                            }
                        },
                        "tainted": false
                    },
                    "deposed": [],
                    "provider": "provider.google"
                },
                "google_compute_http_health_check.cf-public-health-check": {
                    "type": "google_compute_http_health_check",
                    "depends_on": [],
                    "primary": {
                        "id": "basel-2018-shared-cf",
                        "attributes": {
                            "check_interval_sec": "5",
                            "creation_timestamp": "2018-10-03T04:03:52.979-07:00",
                            "description": "",
                            "healthy_threshold": "2",
                            "host": "",
                            "id": "basel-2018-shared-cf",
                            "name": "basel-2018-shared-cf",
                            "port": "8080",
                            "project": "hol-basel-project-1",
                            "request_path": "/health",
                            "self_link": "https://www.googleapis.com/compute/v1/projects/hol-basel-project-1/global/httpHealthChecks/basel-2018-shared-cf",
                            "timeout_sec": "5",
                            "unhealthy_threshold": "2"
                        },
                        "meta": {
                            "e2bfb730-ecaa-11e6-8f88-34363bc7c4c0": {
                                "create": 240000000000,
                                "delete": 240000000000,
                                "update": 240000000000
                            }
                        },
                        "tainted": false
                    },
                    "deposed": [],
                    "provider": "provider.google"
                },
                "google_compute_http_health_check.cf-tcp-router": {
                    "type": "google_compute_http_health_check",
                    "depends_on": [],
                    "primary": {
                        "id": "basel-2018-shared-cf-tcp-router",
                        "attributes": {
                            "check_interval_sec": "5",
                            "creation_timestamp": "2018-10-03T04:03:53.213-07:00",
                            "description": "",
                            "healthy_threshold": "2",
                            "host": "",
                            "id": "basel-2018-shared-cf-tcp-router",
                            "name": "basel-2018-shared-cf-tcp-router",
                            "port": "80",
                            "project": "hol-basel-project-1",
                            "request_path": "/health",
                            "self_link": "https://www.googleapis.com/compute/v1/projects/hol-basel-project-1/global/httpHealthChecks/basel-2018-shared-cf-tcp-router",
                            "timeout_sec": "5",
                            "unhealthy_threshold": "2"
                        },
                        "meta": {
                            "e2bfb730-ecaa-11e6-8f88-34363bc7c4c0": {
                                "create": 240000000000,
                                "delete": 240000000000,
                                "update": 240000000000
                            }
                        },
                        "tainted": false
                    },
                    "deposed": [],
                    "provider": "provider.google"
                },
                "google_compute_instance_group.router-lb-0": {
                    "type": "google_compute_instance_group",
                    "depends_on": [],
                    "primary": {
                        "id": "europe-west3-a/basel-2018-shared-router-lb-0-europe-west3-a",
                        "attributes": {
                            "description": "terraform generated instance group that is multi-zone for https loadbalancing",
                            "id": "europe-west3-a/basel-2018-shared-router-lb-0-europe-west3-a",
                            "instances.#": "0",
                            "name": "basel-2018-shared-router-lb-0-europe-west3-a",
                            "named_port.#": "1",
                            "named_port.0.name": "https",
                            "named_port.0.port": "443",
                            "network": "",
                            "project": "hol-basel-project-1",
                            "self_link": "https://www.googleapis.com/compute/v1/projects/hol-basel-project-1/zones/europe-west3-a/instanceGroups/basel-2018-shared-router-lb-0-europe-west3-a",
                            "size": "0",
                            "zone": "europe-west3-a"
                        },
                        "meta": {
                            "schema_version": "2"
                        },
                        "tainted": false
                    },
                    "deposed": [],
                    "provider": "provider.google"
                },
                "google_compute_instance_group.router-lb-1": {
                    "type": "google_compute_instance_group",
                    "depends_on": [],
                    "primary": {
                        "id": "europe-west3-b/basel-2018-shared-router-lb-1-europe-west3-b",
                        "attributes": {
                            "description": "terraform generated instance group that is multi-zone for https loadbalancing",
                            "id": "europe-west3-b/basel-2018-shared-router-lb-1-europe-west3-b",
                            "instances.#": "0",
                            "name": "basel-2018-shared-router-lb-1-europe-west3-b",
                            "named_port.#": "1",
                            "named_port.0.name": "https",
                            "named_port.0.port": "443",
                            "network": "",
                            "project": "hol-basel-project-1",
                            "self_link": "https://www.googleapis.com/compute/v1/projects/hol-basel-project-1/zones/europe-west3-b/instanceGroups/basel-2018-shared-router-lb-1-europe-west3-b",
                            "size": "0",
                            "zone": "europe-west3-b"
                        },
                        "meta": {
                            "schema_version": "2"
                        },
                        "tainted": false
                    },
                    "deposed": [],
                    "provider": "provider.google"
                },
                "google_compute_instance_group.router-lb-2": {
                    "type": "google_compute_instance_group",
                    "depends_on": [],
                    "primary": {
                        "id": "europe-west3-c/basel-2018-shared-router-lb-2-europe-west3-c",
                        "attributes": {
                            "description": "terraform generated instance group that is multi-zone for https loadbalancing",
                            "id": "europe-west3-c/basel-2018-shared-router-lb-2-europe-west3-c",
                            "instances.#": "0",
                            "name": "basel-2018-shared-router-lb-2-europe-west3-c",
                            "named_port.#": "1",
                            "named_port.0.name": "https",
                            "named_port.0.port": "443",
                            "network": "",
                            "project": "hol-basel-project-1",
                            "self_link": "https://www.googleapis.com/compute/v1/projects/hol-basel-project-1/zones/europe-west3-c/instanceGroups/basel-2018-shared-router-lb-2-europe-west3-c",
                            "size": "0",
                            "zone": "europe-west3-c"
                        },
                        "meta": {
                            "schema_version": "2"
                        },
                        "tainted": false
                    },
                    "deposed": [],
                    "provider": "provider.google"
                },
                "google_compute_network.bbl-network": {
                    "type": "google_compute_network",
                    "depends_on": [],
                    "primary": {
                        "id": "basel-2018-shared-network",
                        "attributes": {
                            "auto_create_subnetworks": "false",
                            "description": "",
                            "gateway_ipv4": "",
                            "id": "basel-2018-shared-network",
                            "ipv4_range": "",
                            "name": "basel-2018-shared-network",
                            "project": "hol-basel-project-1",
                            "routing_mode": "REGIONAL",
                            "self_link": "https://www.googleapis.com/compute/v1/projects/hol-basel-project-1/global/networks/basel-2018-shared-network"
                        },
                        "meta": {},
                        "tainted": false
                    },
                    "deposed": [],
                    "provider": "provider.google"
                },
                "google_compute_subnetwork.bbl-subnet": {
                    "type": "google_compute_subnetwork",
                    "depends_on": [
                        "google_compute_network.bbl-network"
                    ],
                    "primary": {
                        "id": "europe-west3/basel-2018-shared-subnet",
                        "attributes": {
                            "creation_timestamp": "2018-10-03T02:50:50.368-07:00",
                            "description": "",
                            "enable_flow_logs": "false",
                            "fingerprint": "TGoT5LCAr0g=",
                            "gateway_address": "10.0.0.1",
                            "id": "europe-west3/basel-2018-shared-subnet",
                            "ip_cidr_range": "10.0.0.0/16",
                            "name": "basel-2018-shared-subnet",
                            "network": "https://www.googleapis.com/compute/v1/projects/hol-basel-project-1/global/networks/basel-2018-shared-network",
                            "private_ip_google_access": "false",
                            "project": "hol-basel-project-1",
                            "region": "europe-west3",
                            "secondary_ip_range.#": "0",
                            "self_link": "https://www.googleapis.com/compute/v1/projects/hol-basel-project-1/regions/europe-west3/subnetworks/basel-2018-shared-subnet"
                        },
                        "meta": {
                            "e2bfb730-ecaa-11e6-8f88-34363bc7c4c0": {
                                "create": 360000000000,
                                "delete": 360000000000,
                                "update": 360000000000
                            }
                        },
                        "tainted": false
                    },
                    "deposed": [],
                    "provider": "provider.google"
                },
                "google_compute_target_http_proxy.cf-http-lb-proxy": {
                    "type": "google_compute_target_http_proxy",
                    "depends_on": [
                        "google_compute_url_map.cf-https-lb-url-map"
                    ],
                    "primary": {
                        "id": "basel-2018-shared-http-proxy",
                        "attributes": {
                            "creation_timestamp": "2018-10-03T04:04:28.687-07:00",
                            "description": "really a load balancer but listed as an http proxy",
                            "id": "basel-2018-shared-http-proxy",
                            "name": "basel-2018-shared-http-proxy",
                            "project": "hol-basel-project-1",
                            "proxy_id": "5273917518973050067",
                            "self_link": "https://www.googleapis.com/compute/v1/projects/hol-basel-project-1/global/targetHttpProxies/basel-2018-shared-http-proxy",
                            "url_map": "https://www.googleapis.com/compute/v1/projects/hol-basel-project-1/global/urlMaps/basel-2018-shared-cf-http"
                        },
                        "meta": {
                            "e2bfb730-ecaa-11e6-8f88-34363bc7c4c0": {
                                "create": 240000000000,
                                "delete": 240000000000,
                                "update": 240000000000
                            }
                        },
                        "tainted": false
                    },
                    "deposed": [],
                    "provider": "provider.google"
                },
                "google_compute_target_pool.cf-ssh-proxy": {
                    "type": "google_compute_target_pool",
                    "depends_on": [],
                    "primary": {
                        "id": "basel-2018-shared-cf-ssh-proxy",
                        "attributes": {
                            "backup_pool": "",
                            "description": "",
                            "failover_ratio": "0",
                            "health_checks.#": "0",
                            "id": "basel-2018-shared-cf-ssh-proxy",
                            "instances.#": "0",
                            "name": "basel-2018-shared-cf-ssh-proxy",
                            "project": "hol-basel-project-1",
                            "region": "europe-west3",
                            "self_link": "https://www.googleapis.com/compute/v1/projects/hol-basel-project-1/regions/europe-west3/targetPools/basel-2018-shared-cf-ssh-proxy",
                            "session_affinity": "NONE"
                        },
                        "meta": {},
                        "tainted": false
                    },
                    "deposed": [],
                    "provider": "provider.google"
                },
                "google_compute_target_pool.cf-tcp-router": {
                    "type": "google_compute_target_pool",
                    "depends_on": [
                        "google_compute_http_health_check.cf-tcp-router"
                    ],
                    "primary": {
                        "id": "basel-2018-shared-cf-tcp-router",
                        "attributes": {
                            "backup_pool": "",
                            "description": "",
                            "failover_ratio": "0",
                            "health_checks.#": "1",
                            "health_checks.0": "https://www.googleapis.com/compute/v1/projects/hol-basel-project-1/global/httpHealthChecks/basel-2018-shared-cf-tcp-router",
                            "id": "basel-2018-shared-cf-tcp-router",
                            "instances.#": "0",
                            "name": "basel-2018-shared-cf-tcp-router",
                            "project": "hol-basel-project-1",
                            "region": "europe-west3",
                            "self_link": "https://www.googleapis.com/compute/v1/projects/hol-basel-project-1/regions/europe-west3/targetPools/basel-2018-shared-cf-tcp-router",
                            "session_affinity": "NONE"
                        },
                        "meta": {},
                        "tainted": false
                    },
                    "deposed": [],
                    "provider": "provider.google"
                },
                "google_compute_target_pool.cf-ws": {
                    "type": "google_compute_target_pool",
                    "depends_on": [
                        "google_compute_http_health_check.cf-public-health-check"
                    ],
                    "primary": {
                        "id": "basel-2018-shared-cf-ws",
                        "attributes": {
                            "backup_pool": "",
                            "description": "",
                            "failover_ratio": "0",
                            "health_checks.#": "1",
                            "health_checks.0": "https://www.googleapis.com/compute/v1/projects/hol-basel-project-1/global/httpHealthChecks/basel-2018-shared-cf",
                            "id": "basel-2018-shared-cf-ws",
                            "instances.#": "0",
                            "name": "basel-2018-shared-cf-ws",
                            "project": "hol-basel-project-1",
                            "region": "europe-west3",
                            "self_link": "https://www.googleapis.com/compute/v1/projects/hol-basel-project-1/regions/europe-west3/targetPools/basel-2018-shared-cf-ws",
                            "session_affinity": "NONE"
                        },
                        "meta": {},
                        "tainted": false
                    },
                    "deposed": [],
                    "provider": "provider.google"
                },
                "google_compute_target_pool.kube-master-tcp": {
                    "type": "google_compute_target_pool",
                    "depends_on": [],
                    "primary": {
                        "id": "basel-2018-shared-kube-master-tcp",
                        "attributes": {
                            "backup_pool": "",
                            "description": "",
                            "failover_ratio": "0",
                            "health_checks.#": "0",
                            "id": "basel-2018-shared-kube-master-tcp",
                            "instances.#": "0",
                            "name": "basel-2018-shared-kube-master-tcp",
                            "project": "hol-basel-project-1",
                            "region": "europe-west3",
                            "self_link": "https://www.googleapis.com/compute/v1/projects/hol-basel-project-1/regions/europe-west3/targetPools/basel-2018-shared-kube-master-tcp",
                            "session_affinity": "NONE"
                        },
                        "meta": {},
                        "tainted": false
                    },
                    "deposed": [],
                    "provider": "provider.google"
                },
                "google_compute_target_pool.kube-worker-tcp": {
                    "type": "google_compute_target_pool",
                    "depends_on": [],
                    "primary": {
                        "id": "basel-2018-shared-kube-worker-tcp",
                        "attributes": {
                            "backup_pool": "",
                            "description": "",
                            "failover_ratio": "0",
                            "health_checks.#": "0",
                            "id": "basel-2018-shared-kube-worker-tcp",
                            "instances.#": "0",
                            "name": "basel-2018-shared-kube-worker-tcp",
                            "project": "hol-basel-project-1",
                            "region": "europe-west3",
                            "self_link": "https://www.googleapis.com/compute/v1/projects/hol-basel-project-1/regions/europe-west3/targetPools/basel-2018-shared-kube-worker-tcp",
                            "session_affinity": "NONE"
                        },
                        "meta": {},
                        "tainted": false
                    },
                    "deposed": [],
                    "provider": "provider.google"
                },
                "google_compute_target_pool.target-pool": {
                    "type": "google_compute_target_pool",
                    "depends_on": [],
                    "primary": {
                        "id": "basel-2018-shared-concourse",
                        "attributes": {
                            "backup_pool": "",
                            "description": "",
                            "failover_ratio": "0",
                            "health_checks.#": "0",
                            "id": "basel-2018-shared-concourse",
                            "instances.#": "1",
                            "instances.0": "europe-west3-a/vm-1ea8fe8e-e9eb-4b11-5a08-2442e631f48f",
                            "name": "basel-2018-shared-concourse",
                            "project": "hol-basel-project-1",
                            "region": "europe-west3",
                            "self_link": "https://www.googleapis.com/compute/v1/projects/hol-basel-project-1/regions/europe-west3/targetPools/basel-2018-shared-concourse",
                            "session_affinity": "NONE"
                        },
                        "meta": {},
                        "tainted": false
                    },
                    "deposed": [],
                    "provider": "provider.google"
                },
                "google_compute_url_map.cf-https-lb-url-map": {
                    "type": "google_compute_url_map",
                    "depends_on": [
                        "google_compute_backend_service.router-lb-backend-service"
                    ],
                    "primary": {
                        "id": "basel-2018-shared-cf-http",
                        "attributes": {
                            "default_service": "https://www.googleapis.com/compute/v1/projects/hol-basel-project-1/global/backendServices/basel-2018-shared-router-lb",
                            "fingerprint": "kXFPXTejbDM=",
                            "host_rule.#": "0",
                            "id": "basel-2018-shared-cf-http",
                            "map_id": "7361932302468324575",
                            "name": "basel-2018-shared-cf-http",
                            "path_matcher.#": "0",
                            "project": "hol-basel-project-1",
                            "self_link": "https://www.googleapis.com/compute/v1/projects/hol-basel-project-1/global/urlMaps/basel-2018-shared-cf-http",
                            "test.#": "0"
                        },
                        "meta": {},
                        "tainted": false
                    },
                    "deposed": [],
                    "provider": "provider.google"
                }
            },
            "depends_on": []
        }
    ]
}
