{
    "version": 3,
    "terraform_version": "0.11.7",
    "serial": 2,
    "lineage": "f1bad443-b9ad-489d-4253-5a143f5c43a6",
    "modules": [
        {
            "path": [
                "root"
            ],
            "outputs": {
                "concourse_lb_ip": {
                    "sensitive": false,
                    "type": "string",
                    "value": "35.242.243.254"
                },
                "concourse_target_pool": {
                    "sensitive": false,
                    "type": "string",
                    "value": "basel-2018-shared-concourse"
                },
                "director__concourse_domain": {
                    "sensitive": false,
                    "type": "string",
                    "value": "35.242.243.254"
                },
                "director__internal_ip": {
                    "sensitive": false,
                    "type": "string",
                    "value": "10.0.0.6"
                },
                "director__tags": {
                    "sensitive": false,
                    "type": "list",
                    "value": [
                        "basel-2018-shared-bosh-director",
                        "basel-2018-shared-concourse-open",
                        "concourse"
                    ]
                },
                "director__target_pool": {
                    "sensitive": false,
                    "type": "string",
                    "value": "basel-2018-shared-concourse"
                },
                "director_address": {
                    "sensitive": false,
                    "type": "string",
                    "value": "https://35.198.126.223:25555"
                },
                "director_name": {
                    "sensitive": false,
                    "type": "string",
                    "value": "bosh-basel-2018-shared"
                },
                "external_ip": {
                    "sensitive": false,
                    "type": "string",
                    "value": "35.198.126.223"
                },
                "internal_cidr": {
                    "sensitive": false,
                    "type": "string",
                    "value": "10.0.0.0/16"
                },
                "internal_gw": {
                    "sensitive": false,
                    "type": "string",
                    "value": "10.0.0.1"
                },
                "internal_tag_name": {
                    "sensitive": false,
                    "type": "string",
                    "value": "basel-2018-shared-internal"
                },
                "jumpbox__internal_ip": {
                    "sensitive": false,
                    "type": "string",
                    "value": "10.0.0.5"
                },
                "jumpbox__tags": {
                    "sensitive": false,
                    "type": "list",
                    "value": [
                        "basel-2018-shared-bosh-open",
                        "basel-2018-shared-jumpbox"
                    ]
                },
                "jumpbox_url": {
                    "sensitive": false,
                    "type": "string",
                    "value": "35.198.126.223:22"
                },
                "kube_master_tcp_lb_ip": {
                    "sensitive": false,
                    "type": "string",
                    "value": "35.242.254.204"
                },
                "kube_master_tcp_target_pool_name": {
                    "sensitive": false,
                    "type": "string",
                    "value": "basel-2018-shared-kube-master-tcp"
                },
                "kube_worker_tcp_lb_ip": {
                    "sensitive": false,
                    "type": "string",
                    "value": "35.234.80.160"
                },
                "kube_worker_tcp_target_pool_name": {
                    "sensitive": false,
                    "type": "string",
                    "value": "basel-2018-shared-kube-worker-tcp"
                },
                "network": {
                    "sensitive": false,
                    "type": "string",
                    "value": "basel-2018-shared-network"
                },
                "subnetwork": {
                    "sensitive": false,
                    "type": "string",
                    "value": "basel-2018-shared-subnet"
                }
            },
            "resources": {
                "google_compute_address.concourse-address": {
                    "type": "google_compute_address",
                    "depends_on": [],
                    "primary": {
                        "id": "hol-basel-project-1/europe-west3/basel-2018-shared-concourse",
                        "attributes": {
                            "address": "35.242.243.254",
                            "address_type": "EXTERNAL",
                            "creation_timestamp": "2018-10-03T02:50:32.300-07:00",
                            "description": "",
                            "id": "hol-basel-project-1/europe-west3/basel-2018-shared-concourse",
                            "label_fingerprint": "42WmSpB8rSM=",
                            "labels.%": "0",
                            "name": "basel-2018-shared-concourse",
                            "network_tier": "PREMIUM",
                            "project": "hol-basel-project-1",
                            "region": "europe-west3",
                            "self_link": "https://www.googleapis.com/compute/v1/projects/hol-basel-project-1/regions/europe-west3/addresses/basel-2018-shared-concourse",
                            "subnetwork": "",
                            "users.#": "0"
                        },
                        "meta": {
                            "e2bfb730-ecaa-11e6-8f88-34363bc7c4c0": {
                                "create": 240000000000,
                                "delete": 240000000000,
                                "update": 240000000000
                            }
                        },
                        "tainted": false
                    },
                    "deposed": [],
                    "provider": "provider.google"
                },
                "google_compute_address.jumpbox-ip": {
                    "type": "google_compute_address",
                    "depends_on": [],
                    "primary": {
                        "id": "hol-basel-project-1/europe-west3/basel-2018-shared-jumpbox-ip",
                        "attributes": {
                            "address": "35.198.126.223",
                            "address_type": "EXTERNAL",
                            "creation_timestamp": "2018-10-03T02:50:33.107-07:00",
                            "description": "",
                            "id": "hol-basel-project-1/europe-west3/basel-2018-shared-jumpbox-ip",
                            "label_fingerprint": "42WmSpB8rSM=",
                            "labels.%": "0",
                            "name": "basel-2018-shared-jumpbox-ip",
                            "network_tier": "PREMIUM",
                            "project": "hol-basel-project-1",
                            "region": "europe-west3",
                            "self_link": "https://www.googleapis.com/compute/v1/projects/hol-basel-project-1/regions/europe-west3/addresses/basel-2018-shared-jumpbox-ip",
                            "subnetwork": "",
                            "users.#": "0"
                        },
                        "meta": {
                            "e2bfb730-ecaa-11e6-8f88-34363bc7c4c0": {
                                "create": 240000000000,
                                "delete": 240000000000,
                                "update": 240000000000
                            }
                        },
                        "tainted": false
                    },
                    "deposed": [],
                    "provider": "provider.google"
                },
                "google_compute_address.kube-master-tcp": {
                    "type": "google_compute_address",
                    "depends_on": [],
                    "primary": {
                        "id": "hol-basel-project-1/europe-west3/basel-2018-shared-kube-master-tcp",
                        "attributes": {
                            "address": "35.242.254.204",
                            "address_type": "EXTERNAL",
                            "creation_timestamp": "2018-10-03T02:50:33.382-07:00",
                            "description": "",
                            "id": "hol-basel-project-1/europe-west3/basel-2018-shared-kube-master-tcp",
                            "label_fingerprint": "42WmSpB8rSM=",
                            "labels.%": "0",
                            "name": "basel-2018-shared-kube-master-tcp",
                            "network_tier": "PREMIUM",
                            "project": "hol-basel-project-1",
                            "region": "europe-west3",
                            "self_link": "https://www.googleapis.com/compute/v1/projects/hol-basel-project-1/regions/europe-west3/addresses/basel-2018-shared-kube-master-tcp",
                            "subnetwork": "",
                            "users.#": "0"
                        },
                        "meta": {
                            "e2bfb730-ecaa-11e6-8f88-34363bc7c4c0": {
                                "create": 240000000000,
                                "delete": 240000000000,
                                "update": 240000000000
                            }
                        },
                        "tainted": false
                    },
                    "deposed": [],
                    "provider": "provider.google"
                },
                "google_compute_address.kube-worker-tcp": {
                    "type": "google_compute_address",
                    "depends_on": [],
                    "primary": {
                        "id": "hol-basel-project-1/europe-west3/basel-2018-shared-kube-worker-tcp",
                        "attributes": {
                            "address": "35.234.80.160",
                            "address_type": "EXTERNAL",
                            "creation_timestamp": "2018-10-03T02:50:33.171-07:00",
                            "description": "",
                            "id": "hol-basel-project-1/europe-west3/basel-2018-shared-kube-worker-tcp",
                            "label_fingerprint": "42WmSpB8rSM=",
                            "labels.%": "0",
                            "name": "basel-2018-shared-kube-worker-tcp",
                            "network_tier": "PREMIUM",
                            "project": "hol-basel-project-1",
                            "region": "europe-west3",
                            "self_link": "https://www.googleapis.com/compute/v1/projects/hol-basel-project-1/regions/europe-west3/addresses/basel-2018-shared-kube-worker-tcp",
                            "subnetwork": "",
                            "users.#": "0"
                        },
                        "meta": {
                            "e2bfb730-ecaa-11e6-8f88-34363bc7c4c0": {
                                "create": 240000000000,
                                "delete": 240000000000,
                                "update": 240000000000
                            }
                        },
                        "tainted": false
                    },
                    "deposed": [],
                    "provider": "provider.google"
                },
                "google_compute_firewall.bosh-director": {
                    "type": "google_compute_firewall",
                    "depends_on": [
                        "google_compute_network.bbl-network"
                    ],
                    "primary": {
                        "id": "basel-2018-shared-bosh-director",
                        "attributes": {
                            "allow.#": "1",
                            "allow.3848845357.ports.#": "0",
                            "allow.3848845357.protocol": "tcp",
                            "creation_timestamp": "2018-10-03T02:50:57.457-07:00",
                            "deny.#": "0",
                            "description": "",
                            "destination_ranges.#": "0",
                            "direction": "INGRESS",
                            "disabled": "false",
                            "enable_logging": "false",
                            "id": "basel-2018-shared-bosh-director",
                            "name": "basel-2018-shared-bosh-director",
                            "network": "https://www.googleapis.com/compute/v1/projects/hol-basel-project-1/global/networks/basel-2018-shared-network",
                            "priority": "1000",
                            "project": "hol-basel-project-1",
                            "self_link": "https://www.googleapis.com/compute/v1/projects/hol-basel-project-1/global/firewalls/basel-2018-shared-bosh-director",
                            "source_ranges.#": "0",
                            "source_service_accounts.#": "0",
                            "source_tags.#": "1",
                            "source_tags.3637921718": "basel-2018-shared-bosh-director",
                            "target_service_accounts.#": "0",
                            "target_tags.#": "1",
                            "target_tags.2872512386": "basel-2018-shared-internal"
                        },
                        "meta": {
                            "e2bfb730-ecaa-11e6-8f88-34363bc7c4c0": {
                                "create": 240000000000,
                                "delete": 240000000000,
                                "update": 240000000000
                            },
                            "schema_version": "1"
                        },
                        "tainted": false
                    },
                    "deposed": [],
                    "provider": "provider.google"
                },
                "google_compute_firewall.bosh-open": {
                    "type": "google_compute_firewall",
                    "depends_on": [
                        "google_compute_network.bbl-network"
                    ],
                    "primary": {
                        "id": "basel-2018-shared-bosh-open",
                        "attributes": {
                            "allow.#": "1",
                            "allow.4272252387.ports.#": "5",
                            "allow.4272252387.ports.0": "22",
                            "allow.4272252387.ports.1": "6868",
                            "allow.4272252387.ports.2": "8443",
                            "allow.4272252387.ports.3": "8844",
                            "allow.4272252387.ports.4": "25555",
                            "allow.4272252387.protocol": "tcp",
                            "creation_timestamp": "2018-10-03T02:50:59.730-07:00",
                            "deny.#": "0",
                            "description": "",
                            "destination_ranges.#": "0",
                            "direction": "INGRESS",
                            "disabled": "false",
                            "enable_logging": "false",
                            "id": "basel-2018-shared-bosh-open",
                            "name": "basel-2018-shared-bosh-open",
                            "network": "https://www.googleapis.com/compute/v1/projects/hol-basel-project-1/global/networks/basel-2018-shared-network",
                            "priority": "1000",
                            "project": "hol-basel-project-1",
                            "self_link": "https://www.googleapis.com/compute/v1/projects/hol-basel-project-1/global/firewalls/basel-2018-shared-bosh-open",
                            "source_ranges.#": "0",
                            "source_service_accounts.#": "0",
                            "source_tags.#": "1",
                            "source_tags.2181728435": "basel-2018-shared-bosh-open",
                            "target_service_accounts.#": "0",
                            "target_tags.#": "1",
                            "target_tags.3637921718": "basel-2018-shared-bosh-director"
                        },
                        "meta": {
                            "e2bfb730-ecaa-11e6-8f88-34363bc7c4c0": {
                                "create": 240000000000,
                                "delete": 240000000000,
                                "update": 240000000000
                            },
                            "schema_version": "1"
                        },
                        "tainted": false
                    },
                    "deposed": [],
                    "provider": "provider.google"
                },
                "google_compute_firewall.external": {
                    "type": "google_compute_firewall",
                    "depends_on": [
                        "google_compute_network.bbl-network"
                    ],
                    "primary": {
                        "id": "basel-2018-shared-external",
                        "attributes": {
                            "allow.#": "1",
                            "allow.4201408149.ports.#": "3",
                            "allow.4201408149.ports.0": "22",
                            "allow.4201408149.ports.1": "6868",
                            "allow.4201408149.ports.2": "25555",
                            "allow.4201408149.protocol": "tcp",
                            "creation_timestamp": "2018-10-03T02:51:01.160-07:00",
                            "deny.#": "0",
                            "description": "",
                            "destination_ranges.#": "0",
                            "direction": "INGRESS",
                            "disabled": "false",
                            "enable_logging": "false",
                            "id": "basel-2018-shared-external",
                            "name": "basel-2018-shared-external",
                            "network": "https://www.googleapis.com/compute/v1/projects/hol-basel-project-1/global/networks/basel-2018-shared-network",
                            "priority": "1000",
                            "project": "hol-basel-project-1",
                            "self_link": "https://www.googleapis.com/compute/v1/projects/hol-basel-project-1/global/firewalls/basel-2018-shared-external",
                            "source_ranges.#": "1",
                            "source_ranges.1080289494": "0.0.0.0/0",
                            "source_service_accounts.#": "0",
                            "source_tags.#": "0",
                            "target_service_accounts.#": "0",
                            "target_tags.#": "1",
                            "target_tags.2181728435": "basel-2018-shared-bosh-open"
                        },
                        "meta": {
                            "e2bfb730-ecaa-11e6-8f88-34363bc7c4c0": {
                                "create": 240000000000,
                                "delete": 240000000000,
                                "update": 240000000000
                            },
                            "schema_version": "1"
                        },
                        "tainted": false
                    },
                    "deposed": [],
                    "provider": "provider.google"
                },
                "google_compute_firewall.firewall-concourse": {
                    "type": "google_compute_firewall",
                    "depends_on": [
                        "google_compute_network.bbl-network"
                    ],
                    "primary": {
                        "id": "basel-2018-shared-concourse-open",
                        "attributes": {
                            "allow.#": "1",
                            "allow.710036029.ports.#": "4",
                            "allow.710036029.ports.0": "80",
                            "allow.710036029.ports.1": "443",
                            "allow.710036029.ports.2": "2222",
                            "allow.710036029.ports.3": "8443",
                            "allow.710036029.protocol": "tcp",
                            "creation_timestamp": "2018-10-03T02:50:50.727-07:00",
                            "deny.#": "0",
                            "description": "",
                            "destination_ranges.#": "0",
                            "direction": "INGRESS",
                            "disabled": "false",
                            "enable_logging": "false",
                            "id": "basel-2018-shared-concourse-open",
                            "name": "basel-2018-shared-concourse-open",
                            "network": "https://www.googleapis.com/compute/v1/projects/hol-basel-project-1/global/networks/basel-2018-shared-network",
                            "priority": "1000",
                            "project": "hol-basel-project-1",
                            "self_link": "https://www.googleapis.com/compute/v1/projects/hol-basel-project-1/global/firewalls/basel-2018-shared-concourse-open",
                            "source_ranges.#": "1",
                            "source_ranges.1080289494": "0.0.0.0/0",
                            "source_service_accounts.#": "0",
                            "source_tags.#": "0",
                            "target_service_accounts.#": "0",
                            "target_tags.#": "1",
                            "target_tags.4143571578": "concourse"
                        },
                        "meta": {
                            "e2bfb730-ecaa-11e6-8f88-34363bc7c4c0": {
                                "create": 240000000000,
                                "delete": 240000000000,
                                "update": 240000000000
                            },
                            "schema_version": "1"
                        },
                        "tainted": false
                    },
                    "deposed": [],
                    "provider": "provider.google"
                },
                "google_compute_firewall.internal": {
                    "type": "google_compute_firewall",
                    "depends_on": [
                        "google_compute_network.bbl-network"
                    ],
                    "primary": {
                        "id": "basel-2018-shared-internal",
                        "attributes": {
                            "allow.#": "3",
                            "allow.1367131964.ports.#": "0",
                            "allow.1367131964.protocol": "icmp",
                            "allow.1486604749.ports.#": "0",
                            "allow.1486604749.protocol": "udp",
                            "allow.3848845357.ports.#": "0",
                            "allow.3848845357.protocol": "tcp",
                            "creation_timestamp": "2018-10-03T02:50:57.791-07:00",
                            "deny.#": "0",
                            "description": "",
                            "destination_ranges.#": "0",
                            "direction": "INGRESS",
                            "disabled": "false",
                            "enable_logging": "false",
                            "id": "basel-2018-shared-internal",
                            "name": "basel-2018-shared-internal",
                            "network": "https://www.googleapis.com/compute/v1/projects/hol-basel-project-1/global/networks/basel-2018-shared-network",
                            "priority": "1000",
                            "project": "hol-basel-project-1",
                            "self_link": "https://www.googleapis.com/compute/v1/projects/hol-basel-project-1/global/firewalls/basel-2018-shared-internal",
                            "source_ranges.#": "0",
                            "source_service_accounts.#": "0",
                            "source_tags.#": "1",
                            "source_tags.2872512386": "basel-2018-shared-internal",
                            "target_service_accounts.#": "0",
                            "target_tags.#": "1",
                            "target_tags.2872512386": "basel-2018-shared-internal"
                        },
                        "meta": {
                            "e2bfb730-ecaa-11e6-8f88-34363bc7c4c0": {
                                "create": 240000000000,
                                "delete": 240000000000,
                                "update": 240000000000
                            },
                            "schema_version": "1"
                        },
                        "tainted": false
                    },
                    "deposed": [],
                    "provider": "provider.google"
                },
                "google_compute_firewall.internal-to-director": {
                    "type": "google_compute_firewall",
                    "depends_on": [
                        "google_compute_network.bbl-network"
                    ],
                    "primary": {
                        "id": "basel-2018-shared-internal-to-director",
                        "attributes": {
                            "allow.#": "1",
                            "allow.3979585702.ports.#": "3",
                            "allow.3979585702.ports.0": "4222",
                            "allow.3979585702.ports.1": "25250",
                            "allow.3979585702.ports.2": "25777",
                            "allow.3979585702.protocol": "tcp",
                            "creation_timestamp": "2018-10-03T02:50:58.796-07:00",
                            "deny.#": "0",
                            "description": "",
                            "destination_ranges.#": "0",
                            "direction": "INGRESS",
                            "disabled": "false",
                            "enable_logging": "false",
                            "id": "basel-2018-shared-internal-to-director",
                            "name": "basel-2018-shared-internal-to-director",
                            "network": "https://www.googleapis.com/compute/v1/projects/hol-basel-project-1/global/networks/basel-2018-shared-network",
                            "priority": "1000",
                            "project": "hol-basel-project-1",
                            "self_link": "https://www.googleapis.com/compute/v1/projects/hol-basel-project-1/global/firewalls/basel-2018-shared-internal-to-director",
                            "source_ranges.#": "0",
                            "source_service_accounts.#": "0",
                            "source_tags.#": "1",
                            "source_tags.2872512386": "basel-2018-shared-internal",
                            "target_service_accounts.#": "0",
                            "target_tags.#": "1",
                            "target_tags.3637921718": "basel-2018-shared-bosh-director"
                        },
                        "meta": {
                            "e2bfb730-ecaa-11e6-8f88-34363bc7c4c0": {
                                "create": 240000000000,
                                "delete": 240000000000,
                                "update": 240000000000
                            },
                            "schema_version": "1"
                        },
                        "tainted": false
                    },
                    "deposed": [],
                    "provider": "provider.google"
                },
                "google_compute_firewall.jumpbox-to-all": {
                    "type": "google_compute_firewall",
                    "depends_on": [
                        "google_compute_network.bbl-network"
                    ],
                    "primary": {
                        "id": "basel-2018-shared-jumpbox-to-all",
                        "attributes": {
                            "allow.#": "1",
                            "allow.910322396.ports.#": "2",
                            "allow.910322396.ports.0": "22",
                            "allow.910322396.ports.1": "3389",
                            "allow.910322396.protocol": "tcp",
                            "creation_timestamp": "2018-10-03T02:50:56.797-07:00",
                            "deny.#": "0",
                            "description": "",
                            "destination_ranges.#": "0",
                            "direction": "INGRESS",
                            "disabled": "false",
                            "enable_logging": "false",
                            "id": "basel-2018-shared-jumpbox-to-all",
                            "name": "basel-2018-shared-jumpbox-to-all",
                            "network": "https://www.googleapis.com/compute/v1/projects/hol-basel-project-1/global/networks/basel-2018-shared-network",
                            "priority": "1000",
                            "project": "hol-basel-project-1",
                            "self_link": "https://www.googleapis.com/compute/v1/projects/hol-basel-project-1/global/firewalls/basel-2018-shared-jumpbox-to-all",
                            "source_ranges.#": "0",
                            "source_service_accounts.#": "0",
                            "source_tags.#": "1",
                            "source_tags.3670027023": "basel-2018-shared-jumpbox",
                            "target_service_accounts.#": "0",
                            "target_tags.#": "2",
                            "target_tags.2872512386": "basel-2018-shared-internal",
                            "target_tags.3637921718": "basel-2018-shared-bosh-director"
                        },
                        "meta": {
                            "e2bfb730-ecaa-11e6-8f88-34363bc7c4c0": {
                                "create": 240000000000,
                                "delete": 240000000000,
                                "update": 240000000000
                            },
                            "schema_version": "1"
                        },
                        "tainted": false
                    },
                    "deposed": [],
                    "provider": "provider.google"
                },
                "google_compute_firewall.kube-master-tcp": {
                    "type": "google_compute_firewall",
                    "depends_on": [
                        "google_compute_network.bbl-network"
                    ],
                    "primary": {
                        "id": "basel-2018-shared-kube-master-tcp",
                        "attributes": {
                            "allow.#": "1",
                            "allow.1052118868.ports.#": "1",
                            "allow.1052118868.ports.0": "8443",
                            "allow.1052118868.protocol": "tcp",
                            "creation_timestamp": "2018-10-03T02:50:50.301-07:00",
                            "deny.#": "0",
                            "description": "",
                            "destination_ranges.#": "0",
                            "direction": "INGRESS",
                            "disabled": "false",
                            "enable_logging": "false",
                            "id": "basel-2018-shared-kube-master-tcp",
                            "name": "basel-2018-shared-kube-master-tcp",
                            "network": "https://www.googleapis.com/compute/v1/projects/hol-basel-project-1/global/networks/basel-2018-shared-network",
                            "priority": "1000",
                            "project": "hol-basel-project-1",
                            "self_link": "https://www.googleapis.com/compute/v1/projects/hol-basel-project-1/global/firewalls/basel-2018-shared-kube-master-tcp",
                            "source_ranges.#": "1",
                            "source_ranges.1080289494": "0.0.0.0/0",
                            "source_service_accounts.#": "0",
                            "source_tags.#": "0",
                            "target_service_accounts.#": "0",
                            "target_tags.#": "1",
                            "target_tags.379925978": "basel-2018-shared-kube-master-tcp"
                        },
                        "meta": {
                            "e2bfb730-ecaa-11e6-8f88-34363bc7c4c0": {
                                "create": 240000000000,
                                "delete": 240000000000,
                                "update": 240000000000
                            },
                            "schema_version": "1"
                        },
                        "tainted": false
                    },
                    "deposed": [],
                    "provider": "provider.google"
                },
                "google_compute_firewall.kube-worker-tcp": {
                    "type": "google_compute_firewall",
                    "depends_on": [
                        "google_compute_network.bbl-network"
                    ],
                    "primary": {
                        "id": "basel-2018-shared-kube-worker-tcp",
                        "attributes": {
                            "allow.#": "1",
                            "allow.80500220.ports.#": "1",
                            "allow.80500220.ports.0": "1024-65535",
                            "allow.80500220.protocol": "tcp",
                            "creation_timestamp": "2018-10-03T02:51:00.568-07:00",
                            "deny.#": "0",
                            "description": "",
                            "destination_ranges.#": "0",
                            "direction": "INGRESS",
                            "disabled": "false",
                            "enable_logging": "false",
                            "id": "basel-2018-shared-kube-worker-tcp",
                            "name": "basel-2018-shared-kube-worker-tcp",
                            "network": "https://www.googleapis.com/compute/v1/projects/hol-basel-project-1/global/networks/basel-2018-shared-network",
                            "priority": "1000",
                            "project": "hol-basel-project-1",
                            "self_link": "https://www.googleapis.com/compute/v1/projects/hol-basel-project-1/global/firewalls/basel-2018-shared-kube-worker-tcp",
                            "source_ranges.#": "1",
                            "source_ranges.1080289494": "0.0.0.0/0",
                            "source_service_accounts.#": "0",
                            "source_tags.#": "0",
                            "target_service_accounts.#": "0",
                            "target_tags.#": "1",
                            "target_tags.3017216976": "basel-2018-shared-kube-worker-tcp"
                        },
                        "meta": {
                            "e2bfb730-ecaa-11e6-8f88-34363bc7c4c0": {
                                "create": 240000000000,
                                "delete": 240000000000,
                                "update": 240000000000
                            },
                            "schema_version": "1"
                        },
                        "tainted": false
                    },
                    "deposed": [],
                    "provider": "provider.google"
                },
                "google_compute_forwarding_rule.credhub-forwarding-rule": {
                    "type": "google_compute_forwarding_rule",
                    "depends_on": [
                        "google_compute_address.concourse-address",
                        "google_compute_target_pool.target-pool"
                    ],
                    "primary": {
                        "id": "basel-2018-shared-concourse-credhub",
                        "attributes": {
                            "backend_service": "",
                            "creation_timestamp": "2018-10-03T02:50:49.387-07:00",
                            "description": "",
                            "id": "basel-2018-shared-concourse-credhub",
                            "ip_address": "35.242.243.254",
                            "ip_protocol": "TCP",
                            "ip_version": "",
                            "label_fingerprint": "42WmSpB8rSM=",
                            "labels.%": "0",
                            "load_balancing_scheme": "EXTERNAL",
                            "name": "basel-2018-shared-concourse-credhub",
                            "network": "",
                            "network_tier": "PREMIUM",
                            "port_range": "8844-8844",
                            "ports.#": "0",
                            "project": "hol-basel-project-1",
                            "region": "europe-west3",
                            "self_link": "https://www.googleapis.com/compute/v1/projects/hol-basel-project-1/regions/europe-west3/forwardingRules/basel-2018-shared-concourse-credhub",
                            "service_label": "",
                            "service_name": "",
                            "subnetwork": "",
                            "target": "https://www.googleapis.com/compute/v1/projects/hol-basel-project-1/regions/europe-west3/targetPools/basel-2018-shared-concourse"
                        },
                        "meta": {
                            "e2bfb730-ecaa-11e6-8f88-34363bc7c4c0": {
                                "create": 240000000000,
                                "delete": 240000000000,
                                "update": 240000000000
                            }
                        },
                        "tainted": false
                    },
                    "deposed": [],
                    "provider": "provider.google"
                },
                "google_compute_forwarding_rule.http-forwarding-rule": {
                    "type": "google_compute_forwarding_rule",
                    "depends_on": [
                        "google_compute_address.concourse-address",
                        "google_compute_target_pool.target-pool"
                    ],
                    "primary": {
                        "id": "basel-2018-shared-concourse-http",
                        "attributes": {
                            "backend_service": "",
                            "creation_timestamp": "2018-10-03T02:50:45.774-07:00",
                            "description": "",
                            "id": "basel-2018-shared-concourse-http",
                            "ip_address": "35.242.243.254",
                            "ip_protocol": "TCP",
                            "ip_version": "",
                            "label_fingerprint": "42WmSpB8rSM=",
                            "labels.%": "0",
                            "load_balancing_scheme": "EXTERNAL",
                            "name": "basel-2018-shared-concourse-http",
                            "network": "",
                            "network_tier": "PREMIUM",
                            "port_range": "80-80",
                            "ports.#": "0",
                            "project": "hol-basel-project-1",
                            "region": "europe-west3",
                            "self_link": "https://www.googleapis.com/compute/v1/projects/hol-basel-project-1/regions/europe-west3/forwardingRules/basel-2018-shared-concourse-http",
                            "service_label": "",
                            "service_name": "",
                            "subnetwork": "",
                            "target": "https://www.googleapis.com/compute/v1/projects/hol-basel-project-1/regions/europe-west3/targetPools/basel-2018-shared-concourse"
                        },
                        "meta": {
                            "e2bfb730-ecaa-11e6-8f88-34363bc7c4c0": {
                                "create": 240000000000,
                                "delete": 240000000000,
                                "update": 240000000000
                            }
                        },
                        "tainted": false
                    },
                    "deposed": [],
                    "provider": "provider.google"
                },
                "google_compute_forwarding_rule.https-forwarding-rule": {
                    "type": "google_compute_forwarding_rule",
                    "depends_on": [
                        "google_compute_address.concourse-address",
                        "google_compute_target_pool.target-pool"
                    ],
                    "primary": {
                        "id": "basel-2018-shared-concourse-https",
                        "attributes": {
                            "backend_service": "",
                            "creation_timestamp": "2018-10-03T02:50:45.304-07:00",
                            "description": "",
                            "id": "basel-2018-shared-concourse-https",
                            "ip_address": "35.242.243.254",
                            "ip_protocol": "TCP",
                            "ip_version": "",
                            "label_fingerprint": "42WmSpB8rSM=",
                            "labels.%": "0",
                            "load_balancing_scheme": "EXTERNAL",
                            "name": "basel-2018-shared-concourse-https",
                            "network": "",
                            "network_tier": "PREMIUM",
                            "port_range": "443-443",
                            "ports.#": "0",
                            "project": "hol-basel-project-1",
                            "region": "europe-west3",
                            "self_link": "https://www.googleapis.com/compute/v1/projects/hol-basel-project-1/regions/europe-west3/forwardingRules/basel-2018-shared-concourse-https",
                            "service_label": "",
                            "service_name": "",
                            "subnetwork": "",
                            "target": "https://www.googleapis.com/compute/v1/projects/hol-basel-project-1/regions/europe-west3/targetPools/basel-2018-shared-concourse"
                        },
                        "meta": {
                            "e2bfb730-ecaa-11e6-8f88-34363bc7c4c0": {
                                "create": 240000000000,
                                "delete": 240000000000,
                                "update": 240000000000
                            }
                        },
                        "tainted": false
                    },
                    "deposed": [],
                    "provider": "provider.google"
                },
                "google_compute_forwarding_rule.kube-master-tcp": {
                    "type": "google_compute_forwarding_rule",
                    "depends_on": [
                        "google_compute_address.kube-master-tcp",
                        "google_compute_target_pool.kube-master-tcp"
                    ],
                    "primary": {
                        "id": "basel-2018-shared-kube-master-tcp",
                        "attributes": {
                            "backend_service": "",
                            "creation_timestamp": "2018-10-03T02:50:45.577-07:00",
                            "description": "",
                            "id": "basel-2018-shared-kube-master-tcp",
                            "ip_address": "35.242.254.204",
                            "ip_protocol": "TCP",
                            "ip_version": "",
                            "label_fingerprint": "42WmSpB8rSM=",
                            "labels.%": "0",
                            "load_balancing_scheme": "EXTERNAL",
                            "name": "basel-2018-shared-kube-master-tcp",
                            "network": "",
                            "network_tier": "PREMIUM",
                            "port_range": "1024-65535",
                            "ports.#": "0",
                            "project": "hol-basel-project-1",
                            "region": "europe-west3",
                            "self_link": "https://www.googleapis.com/compute/v1/projects/hol-basel-project-1/regions/europe-west3/forwardingRules/basel-2018-shared-kube-master-tcp",
                            "service_label": "",
                            "service_name": "",
                            "subnetwork": "",
                            "target": "https://www.googleapis.com/compute/v1/projects/hol-basel-project-1/regions/europe-west3/targetPools/basel-2018-shared-kube-master-tcp"
                        },
                        "meta": {
                            "e2bfb730-ecaa-11e6-8f88-34363bc7c4c0": {
                                "create": 240000000000,
                                "delete": 240000000000,
                                "update": 240000000000
                            }
                        },
                        "tainted": false
                    },
                    "deposed": [],
                    "provider": "provider.google"
                },
                "google_compute_forwarding_rule.kube-worker-tcp": {
                    "type": "google_compute_forwarding_rule",
                    "depends_on": [
                        "google_compute_address.kube-worker-tcp",
                        "google_compute_target_pool.kube-worker-tcp"
                    ],
                    "primary": {
                        "id": "basel-2018-shared-kube-worker-tcp",
                        "attributes": {
                            "backend_service": "",
                            "creation_timestamp": "2018-10-03T02:50:44.998-07:00",
                            "description": "",
                            "id": "basel-2018-shared-kube-worker-tcp",
                            "ip_address": "35.234.80.160",
                            "ip_protocol": "TCP",
                            "ip_version": "",
                            "label_fingerprint": "42WmSpB8rSM=",
                            "labels.%": "0",
                            "load_balancing_scheme": "EXTERNAL",
                            "name": "basel-2018-shared-kube-worker-tcp",
                            "network": "",
                            "network_tier": "PREMIUM",
                            "port_range": "1024-65535",
                            "ports.#": "0",
                            "project": "hol-basel-project-1",
                            "region": "europe-west3",
                            "self_link": "https://www.googleapis.com/compute/v1/projects/hol-basel-project-1/regions/europe-west3/forwardingRules/basel-2018-shared-kube-worker-tcp",
                            "service_label": "",
                            "service_name": "",
                            "subnetwork": "",
                            "target": "https://www.googleapis.com/compute/v1/projects/hol-basel-project-1/regions/europe-west3/targetPools/basel-2018-shared-kube-worker-tcp"
                        },
                        "meta": {
                            "e2bfb730-ecaa-11e6-8f88-34363bc7c4c0": {
                                "create": 240000000000,
                                "delete": 240000000000,
                                "update": 240000000000
                            }
                        },
                        "tainted": false
                    },
                    "deposed": [],
                    "provider": "provider.google"
                },
                "google_compute_forwarding_rule.ssh-forwarding-rule": {
                    "type": "google_compute_forwarding_rule",
                    "depends_on": [
                        "google_compute_address.concourse-address",
                        "google_compute_target_pool.target-pool"
                    ],
                    "primary": {
                        "id": "basel-2018-shared-concourse-ssh",
                        "attributes": {
                            "backend_service": "",
                            "creation_timestamp": "2018-10-03T02:50:48.719-07:00",
                            "description": "",
                            "id": "basel-2018-shared-concourse-ssh",
                            "ip_address": "35.242.243.254",
                            "ip_protocol": "TCP",
                            "ip_version": "",
                            "label_fingerprint": "42WmSpB8rSM=",
                            "labels.%": "0",
                            "load_balancing_scheme": "EXTERNAL",
                            "name": "basel-2018-shared-concourse-ssh",
                            "network": "",
                            "network_tier": "PREMIUM",
                            "port_range": "2222-2222",
                            "ports.#": "0",
                            "project": "hol-basel-project-1",
                            "region": "europe-west3",
                            "self_link": "https://www.googleapis.com/compute/v1/projects/hol-basel-project-1/regions/europe-west3/forwardingRules/basel-2018-shared-concourse-ssh",
                            "service_label": "",
                            "service_name": "",
                            "subnetwork": "",
                            "target": "https://www.googleapis.com/compute/v1/projects/hol-basel-project-1/regions/europe-west3/targetPools/basel-2018-shared-concourse"
                        },
                        "meta": {
                            "e2bfb730-ecaa-11e6-8f88-34363bc7c4c0": {
                                "create": 240000000000,
                                "delete": 240000000000,
                                "update": 240000000000
                            }
                        },
                        "tainted": false
                    },
                    "deposed": [],
                    "provider": "provider.google"
                },
                "google_compute_forwarding_rule.uaa-forwarding-rule": {
                    "type": "google_compute_forwarding_rule",
                    "depends_on": [
                        "google_compute_address.concourse-address",
                        "google_compute_target_pool.target-pool"
                    ],
                    "primary": {
                        "id": "basel-2018-shared-concourse-uaa",
                        "attributes": {
                            "backend_service": "",
                            "creation_timestamp": "2018-10-03T02:50:47.071-07:00",
                            "description": "",
                            "id": "basel-2018-shared-concourse-uaa",
                            "ip_address": "35.242.243.254",
                            "ip_protocol": "TCP",
                            "ip_version": "",
                            "label_fingerprint": "42WmSpB8rSM=",
                            "labels.%": "0",
                            "load_balancing_scheme": "EXTERNAL",
                            "name": "basel-2018-shared-concourse-uaa",
                            "network": "",
                            "network_tier": "PREMIUM",
                            "port_range": "8443-8443",
                            "ports.#": "0",
                            "project": "hol-basel-project-1",
                            "region": "europe-west3",
                            "self_link": "https://www.googleapis.com/compute/v1/projects/hol-basel-project-1/regions/europe-west3/forwardingRules/basel-2018-shared-concourse-uaa",
                            "service_label": "",
                            "service_name": "",
                            "subnetwork": "",
                            "target": "https://www.googleapis.com/compute/v1/projects/hol-basel-project-1/regions/europe-west3/targetPools/basel-2018-shared-concourse"
                        },
                        "meta": {
                            "e2bfb730-ecaa-11e6-8f88-34363bc7c4c0": {
                                "create": 240000000000,
                                "delete": 240000000000,
                                "update": 240000000000
                            }
                        },
                        "tainted": false
                    },
                    "deposed": [],
                    "provider": "provider.google"
                },
                "google_compute_network.bbl-network": {
                    "type": "google_compute_network",
                    "depends_on": [],
                    "primary": {
                        "id": "basel-2018-shared-network",
                        "attributes": {
                            "auto_create_subnetworks": "false",
                            "description": "",
                            "gateway_ipv4": "",
                            "id": "basel-2018-shared-network",
                            "ipv4_range": "",
                            "name": "basel-2018-shared-network",
                            "project": "hol-basel-project-1",
                            "routing_mode": "REGIONAL",
                            "self_link": "https://www.googleapis.com/compute/v1/projects/hol-basel-project-1/global/networks/basel-2018-shared-network"
                        },
                        "meta": {},
                        "tainted": false
                    },
                    "deposed": [],
                    "provider": "provider.google"
                },
                "google_compute_subnetwork.bbl-subnet": {
                    "type": "google_compute_subnetwork",
                    "depends_on": [
                        "google_compute_network.bbl-network"
                    ],
                    "primary": {
                        "id": "europe-west3/basel-2018-shared-subnet",
                        "attributes": {
                            "creation_timestamp": "2018-10-03T02:50:50.368-07:00",
                            "description": "",
                            "enable_flow_logs": "false",
                            "fingerprint": "TGoT5LCAr0g=",
                            "gateway_address": "10.0.0.1",
                            "id": "europe-west3/basel-2018-shared-subnet",
                            "ip_cidr_range": "10.0.0.0/16",
                            "name": "basel-2018-shared-subnet",
                            "network": "https://www.googleapis.com/compute/v1/projects/hol-basel-project-1/global/networks/basel-2018-shared-network",
                            "private_ip_google_access": "false",
                            "project": "hol-basel-project-1",
                            "region": "europe-west3",
                            "secondary_ip_range.#": "0",
                            "self_link": "https://www.googleapis.com/compute/v1/projects/hol-basel-project-1/regions/europe-west3/subnetworks/basel-2018-shared-subnet"
                        },
                        "meta": {
                            "e2bfb730-ecaa-11e6-8f88-34363bc7c4c0": {
                                "create": 360000000000,
                                "delete": 360000000000,
                                "update": 360000000000
                            }
                        },
                        "tainted": false
                    },
                    "deposed": [],
                    "provider": "provider.google"
                },
                "google_compute_target_pool.kube-master-tcp": {
                    "type": "google_compute_target_pool",
                    "depends_on": [],
                    "primary": {
                        "id": "basel-2018-shared-kube-master-tcp",
                        "attributes": {
                            "backup_pool": "",
                            "description": "",
                            "failover_ratio": "0",
                            "health_checks.#": "0",
                            "id": "basel-2018-shared-kube-master-tcp",
                            "instances.#": "0",
                            "name": "basel-2018-shared-kube-master-tcp",
                            "project": "hol-basel-project-1",
                            "region": "europe-west3",
                            "self_link": "https://www.googleapis.com/compute/v1/projects/hol-basel-project-1/regions/europe-west3/targetPools/basel-2018-shared-kube-master-tcp",
                            "session_affinity": "NONE"
                        },
                        "meta": {},
                        "tainted": false
                    },
                    "deposed": [],
                    "provider": "provider.google"
                },
                "google_compute_target_pool.kube-worker-tcp": {
                    "type": "google_compute_target_pool",
                    "depends_on": [],
                    "primary": {
                        "id": "basel-2018-shared-kube-worker-tcp",
                        "attributes": {
                            "backup_pool": "",
                            "description": "",
                            "failover_ratio": "0",
                            "health_checks.#": "0",
                            "id": "basel-2018-shared-kube-worker-tcp",
                            "instances.#": "0",
                            "name": "basel-2018-shared-kube-worker-tcp",
                            "project": "hol-basel-project-1",
                            "region": "europe-west3",
                            "self_link": "https://www.googleapis.com/compute/v1/projects/hol-basel-project-1/regions/europe-west3/targetPools/basel-2018-shared-kube-worker-tcp",
                            "session_affinity": "NONE"
                        },
                        "meta": {},
                        "tainted": false
                    },
                    "deposed": [],
                    "provider": "provider.google"
                },
                "google_compute_target_pool.target-pool": {
                    "type": "google_compute_target_pool",
                    "depends_on": [],
                    "primary": {
                        "id": "basel-2018-shared-concourse",
                        "attributes": {
                            "backup_pool": "",
                            "description": "",
                            "failover_ratio": "0",
                            "health_checks.#": "0",
                            "id": "basel-2018-shared-concourse",
                            "instances.#": "0",
                            "name": "basel-2018-shared-concourse",
                            "project": "hol-basel-project-1",
                            "region": "europe-west3",
                            "self_link": "https://www.googleapis.com/compute/v1/projects/hol-basel-project-1/regions/europe-west3/targetPools/basel-2018-shared-concourse",
                            "session_affinity": "NONE"
                        },
                        "meta": {},
                        "tainted": false
                    },
                    "deposed": [],
                    "provider": "provider.google"
                }
            },
            "depends_on": []
        }
    ]
}
